// !$*UTF8*$!
{
	archiveVersion = 1;
	classes = {
	};
	objectVersion = 56;
	objects = {

/* Begin PBXBuildFile section */
		26203DBD2B2C553700840F92 /* AppDelegate.swift in Sources */ = {isa = PBXBuildFile; fileRef = 26203DBC2B2C553700840F92 /* AppDelegate.swift */; };
		26203DBF2B2C553700840F92 /* ViewController.swift in Sources */ = {isa = PBXBuildFile; fileRef = 26203DBE2B2C553700840F92 /* ViewController.swift */; };
		26203DC12B2C553800840F92 /* Assets.xcassets in Resources */ = {isa = PBXBuildFile; fileRef = 26203DC02B2C553800840F92 /* Assets.xcassets */; };
		26203DC42B2C553800840F92 /* Main.storyboard in Resources */ = {isa = PBXBuildFile; fileRef = 26203DC22B2C553800840F92 /* Main.storyboard */; };
		26AF84342B2C5BF900C2458A /* index.html in Resources */ = {isa = PBXBuildFile; fileRef = 26AF84332B2C5BF900C2458A /* index.html */; };
		26AF84372B2C5FCE00C2458A /* Bonjour in Frameworks */ = {isa = PBXBuildFile; productRef = 26AF84362B2C5FCE00C2458A /* Bonjour */; };
/* End PBXBuildFile section */

/* Begin PBXFileReference section */
		26203DB92B2C553700840F92 /* VisionSimHands.app */ = {isa = PBXFileReference; explicitFileType = wrapper.application; includeInIndex = 0; path = VisionSimHands.app; sourceTree = BUILT_PRODUCTS_DIR; };
		26203DBC2B2C553700840F92 /* AppDelegate.swift */ = {isa = PBXFileReference; lastKnownFileType = sourcecode.swift; path = AppDelegate.swift; sourceTree = "<group>"; };
		26203DBE2B2C553700840F92 /* ViewController.swift */ = {isa = PBXFileReference; lastKnownFileType = sourcecode.swift; path = ViewController.swift; sourceTree = "<group>"; };
		26203DC02B2C553800840F92 /* Assets.xcassets */ = {isa = PBXFileReference; lastKnownFileType = folder.assetcatalog; path = Assets.xcassets; sourceTree = "<group>"; };
		26203DC32B2C553800840F92 /* Base */ = {isa = PBXFileReference; lastKnownFileType = file.storyboard; name = Base; path = Base.lproj/Main.storyboard; sourceTree = "<group>"; };
		26203DC52B2C553800840F92 /* VisionSimHands.entitlements */ = {isa = PBXFileReference; lastKnownFileType = text.plist.entitlements; path = VisionSimHands.entitlements; sourceTree = "<group>"; };
		262918F72B2C6747000F0036 /* Info.plist */ = {isa = PBXFileReference; lastKnownFileType = text.plist; path = Info.plist; sourceTree = "<group>"; };
		26AF84332B2C5BF900C2458A /* index.html */ = {isa = PBXFileReference; fileEncoding = 4; lastKnownFileType = text.html; path = index.html; sourceTree = "<group>"; };
/* End PBXFileReference section */

/* Begin PBXFrameworksBuildPhase section */
		26203DB62B2C553700840F92 /* Frameworks */ = {
			isa = PBXFrameworksBuildPhase;
			buildActionMask = 2147483647;
			files = (
				26AF84372B2C5FCE00C2458A /* Bonjour in Frameworks */,
			);
			runOnlyForDeploymentPostprocessing = 0;
		};
/* End PBXFrameworksBuildPhase section */

/* Begin PBXGroup section */
		26203DB02B2C553700840F92 = {
			isa = PBXGroup;
			children = (
				26203DBB2B2C553700840F92 /* VisionSimHands */,
				26203DBA2B2C553700840F92 /* Products */,
			);
			sourceTree = "<group>";
		};
		26203DBA2B2C553700840F92 /* Products */ = {
			isa = PBXGroup;
			children = (
				26203DB92B2C553700840F92 /* VisionSimHands.app */,
			);
			name = Products;
			sourceTree = "<group>";
		};
		26203DBB2B2C553700840F92 /* VisionSimHands */ = {
			isa = PBXGroup;
			children = (
				262918F72B2C6747000F0036 /* Info.plist */,
				26AF84332B2C5BF900C2458A /* index.html */,
				26203DBC2B2C553700840F92 /* AppDelegate.swift */,
				26203DBE2B2C553700840F92 /* ViewController.swift */,
				26203DC02B2C553800840F92 /* Assets.xcassets */,
				26203DC22B2C553800840F92 /* Main.storyboard */,
				26203DC52B2C553800840F92 /* VisionSimHands.entitlements */,
			);
			path = VisionSimHands;
			sourceTree = "<group>";
		};
/* End PBXGroup section */

/* Begin PBXNativeTarget section */
		26203DB82B2C553700840F92 /* VisionSimHands */ = {
			isa = PBXNativeTarget;
			buildConfigurationList = 26203DC82B2C553800840F92 /* Build configuration list for PBXNativeTarget "VisionSimHands" */;
			buildPhases = (
				26203DB52B2C553700840F92 /* Sources */,
				26203DB62B2C553700840F92 /* Frameworks */,
				26203DB72B2C553700840F92 /* Resources */,
			);
			buildRules = (
			);
			dependencies = (
			);
			name = VisionSimHands;
			packageProductDependencies = (
				26AF84362B2C5FCE00C2458A /* Bonjour */,
			);
			productName = VisionSimHands;
			productReference = 26203DB92B2C553700840F92 /* VisionSimHands.app */;
			productType = "com.apple.product-type.application";
		};
/* End PBXNativeTarget section */

/* Begin PBXProject section */
		26203DB12B2C553700840F92 /* Project object */ = {
			isa = PBXProject;
			attributes = {
				BuildIndependentTargetsInParallel = 1;
				LastSwiftUpdateCheck = 1500;
				LastUpgradeCheck = 1500;
				TargetAttributes = {
					26203DB82B2C553700840F92 = {
						CreatedOnToolsVersion = 15.0;
					};
				};
			};
			buildConfigurationList = 26203DB42B2C553700840F92 /* Build configuration list for PBXProject "VisionSimHands" */;
			compatibilityVersion = "Xcode 14.0";
			developmentRegion = en;
			hasScannedForEncodings = 0;
			knownRegions = (
				en,
				Base,
			);
			mainGroup = 26203DB02B2C553700840F92;
			packageReferences = (
				26AF84352B2C5FCE00C2458A /* XCRemoteSwiftPackageReference "Bonjour" */,
			);
			productRefGroup = 26203DBA2B2C553700840F92 /* Products */;
			projectDirPath = "";
			projectRoot = "";
			targets = (
				26203DB82B2C553700840F92 /* VisionSimHands */,
			);
		};
/* End PBXProject section */

/* Begin PBXResourcesBuildPhase section */
		26203DB72B2C553700840F92 /* Resources */ = {
			isa = PBXResourcesBuildPhase;
			buildActionMask = 2147483647;
			files = (
				26AF84342B2C5BF900C2458A /* index.html in Resources */,
				26203DC12B2C553800840F92 /* Assets.xcassets in Resources */,
				26203DC42B2C553800840F92 /* Main.storyboard in Resources */,
			);
			runOnlyForDeploymentPostprocessing = 0;
		};
/* End PBXResourcesBuildPhase section */

/* Begin PBXSourcesBuildPhase section */
		26203DB52B2C553700840F92 /* Sources */ = {
			isa = PBXSourcesBuildPhase;
			buildActionMask = 2147483647;
			files = (
				26203DBF2B2C553700840F92 /* ViewController.swift in Sources */,
				26203DBD2B2C553700840F92 /* AppDelegate.swift in Sources */,
			);
			runOnlyForDeploymentPostprocessing = 0;
		};
/* End PBXSourcesBuildPhase section */

/* Begin PBXVariantGroup section */
		26203DC22B2C553800840F92 /* Main.storyboard */ = {
			isa = PBXVariantGroup;
			children = (
				26203DC32B2C553800840F92 /* Base */,
			);
			name = Main.storyboard;
			sourceTree = "<group>";
		};
/* End PBXVariantGroup section */

/* Begin XCBuildConfiguration section */
		26203DC62B2C553800840F92 /* Debug */ = {
			isa = XCBuildConfiguration;
			buildSettings = {
				ALWAYS_SEARCH_USER_PATHS = NO;
				ASSETCATALOG_COMPILER_GENERATE_SWIFT_ASSET_SYMBOL_EXTENSIONS = YES;
				CLANG_ANALYZER_NONNULL = YES;
				CLANG_ANALYZER_NUMBER_OBJECT_CONVERSION = YES_AGGRESSIVE;
				CLANG_CXX_LANGUAGE_STANDARD = "gnu++20";
				CLANG_ENABLE_MODULES = YES;
				CLANG_ENABLE_OBJC_ARC = YES;
				CLANG_ENABLE_OBJC_WEAK = YES;
				CLANG_WARN_BLOCK_CAPTURE_AUTORELEASING = YES;
				CLANG_WARN_BOOL_CONVERSION = YES;
				CLANG_WARN_COMMA = YES;
				CLANG_WARN_CONSTANT_CONVERSION = YES;
				CLANG_WARN_DEPRECATED_OBJC_IMPLEMENTATIONS = YES;
				CLANG_WARN_DIRECT_OBJC_ISA_USAGE = YES_ERROR;
				CLANG_WARN_DOCUMENTATION_COMMENTS = YES;
				CLANG_WARN_EMPTY_BODY = YES;
				CLANG_WARN_ENUM_CONVERSION = YES;
				CLANG_WARN_INFINITE_RECURSION = YES;
				CLANG_WARN_INT_CONVERSION = YES;
				CLANG_WARN_NON_LITERAL_NULL_CONVERSION = YES;
				CLANG_WARN_OBJC_IMPLICIT_RETAIN_SELF = YES;
				CLANG_WARN_OBJC_LITERAL_CONVERSION = YES;
				CLANG_WARN_OBJC_ROOT_CLASS = YES_ERROR;
				CLANG_WARN_QUOTED_INCLUDE_IN_FRAMEWORK_HEADER = YES;
				CLANG_WARN_RANGE_LOOP_ANALYSIS = YES;
				CLANG_WARN_STRICT_PROTOTYPES = YES;
				CLANG_WARN_SUSPICIOUS_MOVE = YES;
				CLANG_WARN_UNGUARDED_AVAILABILITY = YES_AGGRESSIVE;
				CLANG_WARN_UNREACHABLE_CODE = YES;
				CLANG_WARN__DUPLICATE_METHOD_MATCH = YES;
				COPY_PHASE_STRIP = NO;
				DEBUG_INFORMATION_FORMAT = dwarf;
				ENABLE_STRICT_OBJC_MSGSEND = YES;
				ENABLE_TESTABILITY = YES;
				ENABLE_USER_SCRIPT_SANDBOXING = YES;
				GCC_C_LANGUAGE_STANDARD = gnu17;
				GCC_DYNAMIC_NO_PIC = NO;
				GCC_NO_COMMON_BLOCKS = YES;
				GCC_OPTIMIZATION_LEVEL = 0;
				GCC_PREPROCESSOR_DEFINITIONS = (
					"DEBUG=1",
					"$(inherited)",
				);
				GCC_WARN_64_TO_32_BIT_CONVERSION = YES;
				GCC_WARN_ABOUT_RETURN_TYPE = YES_ERROR;
				GCC_WARN_UNDECLARED_SELECTOR = YES;
				GCC_WARN_UNINITIALIZED_AUTOS = YES_AGGRESSIVE;
				GCC_WARN_UNUSED_FUNCTION = YES;
				GCC_WARN_UNUSED_VARIABLE = YES;
				LOCALIZATION_PREFERS_STRING_CATALOGS = YES;
				MACOSX_DEPLOYMENT_TARGET = 14.0;
				MTL_ENABLE_DEBUG_INFO = INCLUDE_SOURCE;
				MTL_FAST_MATH = YES;
				ONLY_ACTIVE_ARCH = YES;
				SDKROOT = macosx;
				SWIFT_ACTIVE_COMPILATION_CONDITIONS = "DEBUG $(inherited)";
				SWIFT_OPTIMIZATION_LEVEL = "-Onone";
			};
			name = Debug;
		};
		26203DC72B2C553800840F92 /* Release */ = {
			isa = XCBuildConfiguration;
			buildSettings = {
				ALWAYS_SEARCH_USER_PATHS = NO;
				ASSETCATALOG_COMPILER_GENERATE_SWIFT_ASSET_SYMBOL_EXTENSIONS = YES;
				CLANG_ANALYZER_NONNULL = YES;
				CLANG_ANALYZER_NUMBER_OBJECT_CONVERSION = YES_AGGRESSIVE;
				CLANG_CXX_LANGUAGE_STANDARD = "gnu++20";
				CLANG_ENABLE_MODULES = YES;
				CLANG_ENABLE_OBJC_ARC = YES;
				CLANG_ENABLE_OBJC_WEAK = YES;
				CLANG_WARN_BLOCK_CAPTURE_AUTORELEASING = YES;
				CLANG_WARN_BOOL_CONVERSION = YES;
				CLANG_WARN_COMMA = YES;
				CLANG_WARN_CONSTANT_CONVERSION = YES;
				CLANG_WARN_DEPRECATED_OBJC_IMPLEMENTATIONS = YES;
				CLANG_WARN_DIRECT_OBJC_ISA_USAGE = YES_ERROR;
				CLANG_WARN_DOCUMENTATION_COMMENTS = YES;
				CLANG_WARN_EMPTY_BODY = YES;
				CLANG_WARN_ENUM_CONVERSION = YES;
				CLANG_WARN_INFINITE_RECURSION = YES;
				CLANG_WARN_INT_CONVERSION = YES;
				CLANG_WARN_NON_LITERAL_NULL_CONVERSION = YES;
				CLANG_WARN_OBJC_IMPLICIT_RETAIN_SELF = YES;
				CLANG_WARN_OBJC_LITERAL_CONVERSION = YES;
				CLANG_WARN_OBJC_ROOT_CLASS = YES_ERROR;
				CLANG_WARN_QUOTED_INCLUDE_IN_FRAMEWORK_HEADER = YES;
				CLANG_WARN_RANGE_LOOP_ANALYSIS = YES;
				CLANG_WARN_STRICT_PROTOTYPES = YES;
				CLANG_WARN_SUSPICIOUS_MOVE = YES;
				CLANG_WARN_UNGUARDED_AVAILABILITY = YES_AGGRESSIVE;
				CLANG_WARN_UNREACHABLE_CODE = YES;
				CLANG_WARN__DUPLICATE_METHOD_MATCH = YES;
				COPY_PHASE_STRIP = NO;
				DEBUG_INFORMATION_FORMAT = "dwarf-with-dsym";
				ENABLE_NS_ASSERTIONS = NO;
				ENABLE_STRICT_OBJC_MSGSEND = YES;
				ENABLE_USER_SCRIPT_SANDBOXING = YES;
				GCC_C_LANGUAGE_STANDARD = gnu17;
				GCC_NO_COMMON_BLOCKS = YES;
				GCC_WARN_64_TO_32_BIT_CONVERSION = YES;
				GCC_WARN_ABOUT_RETURN_TYPE = YES_ERROR;
				GCC_WARN_UNDECLARED_SELECTOR = YES;
				GCC_WARN_UNINITIALIZED_AUTOS = YES_AGGRESSIVE;
				GCC_WARN_UNUSED_FUNCTION = YES;
				GCC_WARN_UNUSED_VARIABLE = YES;
				LOCALIZATION_PREFERS_STRING_CATALOGS = YES;
				MACOSX_DEPLOYMENT_TARGET = 14.0;
				MTL_ENABLE_DEBUG_INFO = NO;
				MTL_FAST_MATH = YES;
				SDKROOT = macosx;
				SWIFT_COMPILATION_MODE = wholemodule;
			};
			name = Release;
		};
		26203DC92B2C553800840F92 /* Debug */ = {
			isa = XCBuildConfiguration;
			buildSettings = {
				ASSETCATALOG_COMPILER_APPICON_NAME = AppIcon;
				ASSETCATALOG_COMPILER_GLOBAL_ACCENT_COLOR_NAME = AccentColor;
				CODE_SIGN_ENTITLEMENTS = VisionSimHands/VisionSimHands.entitlements;
				CODE_SIGN_STYLE = Automatic;
				COMBINE_HIDPI_IMAGES = YES;
				CURRENT_PROJECT_VERSION = 1;
				DEVELOPMENT_TEAM = 67UBXXU7S9;
				ENABLE_HARDENED_RUNTIME = YES;
				GENERATE_INFOPLIST_FILE = YES;
				INFOPLIST_FILE = VisionSimHands/Info.plist;
				INFOPLIST_KEY_NSCameraUsageDescription = "We need camera access to track your hands";
				INFOPLIST_KEY_NSHumanReadableCopyright = "";
				INFOPLIST_KEY_NSLocalNetworkUsageDescription = "We need to access your local network to stream hand data";
				INFOPLIST_KEY_NSMainStoryboardFile = Main;
				INFOPLIST_KEY_NSMicrophoneUsageDescription = "We need microphone access to allow the embedded webview to start the gerUserMedia session";
				INFOPLIST_KEY_NSPrincipalClass = NSApplication;
				LD_RUNPATH_SEARCH_PATHS = (
					"$(inherited)",
					"@executable_path/../Frameworks",
				);
				MARKETING_VERSION = 1.0;
				PRODUCT_BUNDLE_IDENTIFIER = "com.lumen-digital.VisionSimHands.xu";
				PRODUCT_NAME = "$(TARGET_NAME)";
				SWIFT_EMIT_LOC_STRINGS = YES;
				SWIFT_VERSION = 5.0;
			};
			name = Debug;
		};
		26203DCA2B2C553800840F92 /* Release */ = {
			isa = XCBuildConfiguration;
			buildSettings = {
				ASSETCATALOG_COMPILER_APPICON_NAME = AppIcon;
				ASSETCATALOG_COMPILER_GLOBAL_ACCENT_COLOR_NAME = AccentColor;
				CODE_SIGN_ENTITLEMENTS = VisionSimHands/VisionSimHands.entitlements;
				CODE_SIGN_STYLE = Automatic;
				COMBINE_HIDPI_IMAGES = YES;
				CURRENT_PROJECT_VERSION = 1;
				DEVELOPMENT_TEAM = 67UBXXU7S9;
				ENABLE_HARDENED_RUNTIME = YES;
				GENERATE_INFOPLIST_FILE = YES;
				INFOPLIST_FILE = VisionSimHands/Info.plist;
				INFOPLIST_KEY_NSCameraUsageDescription = "We need camera access to track your hands";
				INFOPLIST_KEY_NSHumanReadableCopyright = "";
				INFOPLIST_KEY_NSLocalNetworkUsageDescription = "We need to access your local network to stream hand data";
				INFOPLIST_KEY_NSMainStoryboardFile = Main;
				INFOPLIST_KEY_NSMicrophoneUsageDescription = "We need microphone access to allow the embedded webview to start the gerUserMedia session";
				INFOPLIST_KEY_NSPrincipalClass = NSApplication;
				LD_RUNPATH_SEARCH_PATHS = (
					"$(inherited)",
					"@executable_path/../Frameworks",
				);
				MARKETING_VERSION = 1.0;
				PRODUCT_BUNDLE_IDENTIFIER = "com.lumen-digital.VisionSimHands.xu";
				PRODUCT_NAME = "$(TARGET_NAME)";
				SWIFT_EMIT_LOC_STRINGS = YES;
				SWIFT_VERSION = 5.0;
			};
			name = Release;
		};
/* End XCBuildConfiguration section */

/* Begin XCConfigurationList section */
		26203DB42B2C553700840F92 /* Build configuration list for PBXProject "VisionSimHands" */ = {
			isa = XCConfigurationList;
			buildConfigurations = (
				26203DC62B2C553800840F92 /* Debug */,
				26203DC72B2C553800840F92 /* Release */,
			);
			defaultConfigurationIsVisible = 0;
			defaultConfigurationName = Release;
		};
		26203DC82B2C553800840F92 /* Build configuration list for PBXNativeTarget "VisionSimHands" */ = {
			isa = XCConfigurationList;
			buildConfigurations = (
				26203DC92B2C553800840F92 /* Debug */,
				26203DCA2B2C553800840F92 /* Release */,
			);
			defaultConfigurationIsVisible = 0;
			defaultConfigurationName = Release;
		};
/* End XCConfigurationList section */

/* Begin XCRemoteSwiftPackageReference section */
		26AF84352B2C5FCE00C2458A /* XCRemoteSwiftPackageReference "Bonjour" */ = {
			isa = XCRemoteSwiftPackageReference;
			repositoryURL = "https://github.com/eugenebokhan/Bonjour.git";
			requirement = {
				kind = upToNextMajorVersion;
				minimumVersion = 2.1.0;
			};
		};
/* End XCRemoteSwiftPackageReference section */

/* Begin XCSwiftPackageProductDependency section */
		26AF84362B2C5FCE00C2458A /* Bonjour */ = {
			isa = XCSwiftPackageProductDependency;
			package = 26AF84352B2C5FCE00C2458A /* XCRemoteSwiftPackageReference "Bonjour" */;
			productName = Bonjour;
		};
/* End XCSwiftPackageProductDependency section */
	};
	rootObject = 26203DB12B2C553700840F92 /* Project object */;
}
