// !$*UTF8*$!
{
	archiveVersion = 1;
	classes = {
	};
	objectVersion = 56;
	objects = {

/* Begin PBXBuildFile section */
		6C36A3F52AB7417F00B7B026 /* HandVectorApp.swift in Sources */ = {isa = PBXBuildFile; fileRef = 6C36A3F42AB7417F00B7B026 /* HandVectorApp.swift */; };
		6C36A3FB2AB7417F00B7B026 /* ImageBasedLighting.skybox in Resources */ = {isa = PBXBuildFile; fileRef = 6C36A3FA2AB7417F00B7B026 /* ImageBasedLighting.skybox */; };
		6C36A3FD2AB7418000B7B026 /* Assets.xcassets in Resources */ = {isa = PBXBuildFile; fileRef = 6C36A3FC2AB7418000B7B026 /* Assets.xcassets */; };
		6C36A4002AB7418000B7B026 /* Preview Assets.xcassets in Resources */ = {isa = PBXBuildFile; fileRef = 6C36A3FF2AB7418000B7B026 /* Preview Assets.xcassets */; };
		952000972B848DC6006B1EAE /* GuideImmersiveView.swift in Sources */ = {isa = PBXBuildFile; fileRef = 952000962B848DC6006B1EAE /* GuideImmersiveView.swift */; };
		952000AC2B848DCE006B1EAE /* HandVectorMatcher.swift in Sources */ = {isa = PBXBuildFile; fileRef = 952000992B848DCE006B1EAE /* HandVectorMatcher.swift */; };
		952000AD2B848DCE006B1EAE /* HandEmojiJson1.json in Resources */ = {isa = PBXBuildFile; fileRef = 9520009B2B848DCE006B1EAE /* HandEmojiJson1.json */; };
		952000AE2B848DCE006B1EAE /* HandEmojiJsonOk.json in Resources */ = {isa = PBXBuildFile; fileRef = 9520009C2B848DCE006B1EAE /* HandEmojiJsonOk.json */; };
		952000AF2B848DCE006B1EAE /* HandEmojiParameter.swift in Sources */ = {isa = PBXBuildFile; fileRef = 9520009D2B848DCE006B1EAE /* HandEmojiParameter.swift */; };
		952000B02B848DCE006B1EAE /* HandEmojiJsonFist.json in Resources */ = {isa = PBXBuildFile; fileRef = 9520009E2B848DCE006B1EAE /* HandEmojiJsonFist.json */; };
		952000B12B848DCE006B1EAE /* HandEmojiJson5.json in Resources */ = {isa = PBXBuildFile; fileRef = 9520009F2B848DCE006B1EAE /* HandEmojiJson5.json */; };
		952000B22B848DCE006B1EAE /* HandEmojiJsonTips.json in Resources */ = {isa = PBXBuildFile; fileRef = 952000A02B848DCE006B1EAE /* HandEmojiJsonTips.json */; };
		952000B32B848DCE006B1EAE /* HandEmojiTotalJson.json in Resources */ = {isa = PBXBuildFile; fileRef = 952000A12B848DCE006B1EAE /* HandEmojiTotalJson.json */; };
		952000B42B848DCE006B1EAE /* HandEmojiJson2.json in Resources */ = {isa = PBXBuildFile; fileRef = 952000A22B848DCE006B1EAE /* HandEmojiJson2.json */; };
		952000B52B848DCE006B1EAE /* HandsUpdates.swift in Sources */ = {isa = PBXBuildFile; fileRef = 952000A32B848DCE006B1EAE /* HandsUpdates.swift */; };
		952000B62B848DCE006B1EAE /* VisionSimHands.swift in Sources */ = {isa = PBXBuildFile; fileRef = 952000A42B848DCE006B1EAE /* VisionSimHands.swift */; };
		952000B72B848DCE006B1EAE /* BonjourSession.swift in Sources */ = {isa = PBXBuildFile; fileRef = 952000A62B848DCE006B1EAE /* BonjourSession.swift */; };
		952000B82B848DCE006B1EAE /* ProgressWatcher.swift in Sources */ = {isa = PBXBuildFile; fileRef = 952000A72B848DCE006B1EAE /* ProgressWatcher.swift */; };
		952000B92B848DCE006B1EAE /* MCPeerID+Extensions.swift in Sources */ = {isa = PBXBuildFile; fileRef = 952000A92B848DCE006B1EAE /* MCPeerID+Extensions.swift */; };
		952000BA2B848DCE006B1EAE /* readme.md in Resources */ = {isa = PBXBuildFile; fileRef = 952000AA2B848DCE006B1EAE /* readme.md */; };
		952000BB2B848DCE006B1EAE /* Peer.swift in Sources */ = {isa = PBXBuildFile; fileRef = 952000AB2B848DCE006B1EAE /* Peer.swift */; };
		952000CA2B848DE1006B1EAE /* Guide.swift in Sources */ = {isa = PBXBuildFile; fileRef = 952000C12B848DE1006B1EAE /* Guide.swift */; };
		952000D42B848E6C006B1EAE /* Codable+Extensions.swift in Sources */ = {isa = PBXBuildFile; fileRef = 952000D12B848E6C006B1EAE /* Codable+Extensions.swift */; };
		952000D52B848E6C006B1EAE /* HandAnchor+Extensions.swift in Sources */ = {isa = PBXBuildFile; fileRef = 952000D22B848E6C006B1EAE /* HandAnchor+Extensions.swift */; };
		952000D62B848E6C006B1EAE /* Entity+Extensions.swift in Sources */ = {isa = PBXBuildFile; fileRef = 952000D32B848E6C006B1EAE /* Entity+Extensions.swift */; };
		952000D82B848E96006B1EAE /* ViewModel.swift in Sources */ = {isa = PBXBuildFile; fileRef = 952000D72B848E96006B1EAE /* ViewModel.swift */; };
/* End PBXBuildFile section */

/* Begin PBXFileReference section */
		6C36A3ED2AB7417F00B7B026 /* HandVectorDemo.app */ = {isa = PBXFileReference; explicitFileType = wrapper.application; includeInIndex = 0; path = HandVectorDemo.app; sourceTree = BUILT_PRODUCTS_DIR; };
		6C36A3F42AB7417F00B7B026 /* HandVectorApp.swift */ = {isa = PBXFileReference; lastKnownFileType = sourcecode.swift; path = HandVectorApp.swift; sourceTree = "<group>"; };
		6C36A3FA2AB7417F00B7B026 /* ImageBasedLighting.skybox */ = {isa = PBXFileReference; lastKnownFileType = file.skybox; path = ImageBasedLighting.skybox; sourceTree = "<group>"; };
		6C36A3FC2AB7418000B7B026 /* Assets.xcassets */ = {isa = PBXFileReference; lastKnownFileType = folder.assetcatalog; path = Assets.xcassets; sourceTree = "<group>"; };
		6C36A3FF2AB7418000B7B026 /* Preview Assets.xcassets */ = {isa = PBXFileReference; lastKnownFileType = folder.assetcatalog; path = "Preview Assets.xcassets"; sourceTree = "<group>"; };
		6C36A4012AB7418000B7B026 /* Info.plist */ = {isa = PBXFileReference; lastKnownFileType = text.plist.xml; path = Info.plist; sourceTree = "<group>"; };
		952000962B848DC6006B1EAE /* GuideImmersiveView.swift */ = {isa = PBXFileReference; fileEncoding = 4; lastKnownFileType = sourcecode.swift; path = GuideImmersiveView.swift; sourceTree = "<group>"; };
		952000992B848DCE006B1EAE /* HandVectorMatcher.swift */ = {isa = PBXFileReference; fileEncoding = 4; lastKnownFileType = sourcecode.swift; path = HandVectorMatcher.swift; sourceTree = "<group>"; };
		9520009B2B848DCE006B1EAE /* HandEmojiJson1.json */ = {isa = PBXFileReference; fileEncoding = 4; lastKnownFileType = text.json; path = HandEmojiJson1.json; sourceTree = "<group>"; };
		9520009C2B848DCE006B1EAE /* HandEmojiJsonOk.json */ = {isa = PBXFileReference; fileEncoding = 4; lastKnownFileType = text.json; path = HandEmojiJsonOk.json; sourceTree = "<group>"; };
		9520009D2B848DCE006B1EAE /* HandEmojiParameter.swift */ = {isa = PBXFileReference; fileEncoding = 4; lastKnownFileType = sourcecode.swift; path = HandEmojiParameter.swift; sourceTree = "<group>"; };
		9520009E2B848DCE006B1EAE /* HandEmojiJsonFist.json */ = {isa = PBXFileReference; fileEncoding = 4; lastKnownFileType = text.json; path = HandEmojiJsonFist.json; sourceTree = "<group>"; };
		9520009F2B848DCE006B1EAE /* HandEmojiJson5.json */ = {isa = PBXFileReference; fileEncoding = 4; lastKnownFileType = text.json; path = HandEmojiJson5.json; sourceTree = "<group>"; };
		952000A02B848DCE006B1EAE /* HandEmojiJsonTips.json */ = {isa = PBXFileReference; fileEncoding = 4; lastKnownFileType = text.json; path = HandEmojiJsonTips.json; sourceTree = "<group>"; };
		952000A12B848DCE006B1EAE /* HandEmojiTotalJson.json */ = {isa = PBXFileReference; fileEncoding = 4; lastKnownFileType = text.json; path = HandEmojiTotalJson.json; sourceTree = "<group>"; };
		952000A22B848DCE006B1EAE /* HandEmojiJson2.json */ = {isa = PBXFileReference; fileEncoding = 4; lastKnownFileType = text.json; path = HandEmojiJson2.json; sourceTree = "<group>"; };
		952000A32B848DCE006B1EAE /* HandsUpdates.swift */ = {isa = PBXFileReference; fileEncoding = 4; lastKnownFileType = sourcecode.swift; path = HandsUpdates.swift; sourceTree = "<group>"; };
		952000A42B848DCE006B1EAE /* VisionSimHands.swift */ = {isa = PBXFileReference; fileEncoding = 4; lastKnownFileType = sourcecode.swift; path = VisionSimHands.swift; sourceTree = "<group>"; };
		952000A62B848DCE006B1EAE /* BonjourSession.swift */ = {isa = PBXFileReference; fileEncoding = 4; lastKnownFileType = sourcecode.swift; path = BonjourSession.swift; sourceTree = "<group>"; };
		952000A72B848DCE006B1EAE /* ProgressWatcher.swift */ = {isa = PBXFileReference; fileEncoding = 4; lastKnownFileType = sourcecode.swift; path = ProgressWatcher.swift; sourceTree = "<group>"; };
		952000A92B848DCE006B1EAE /* MCPeerID+Extensions.swift */ = {isa = PBXFileReference; fileEncoding = 4; lastKnownFileType = sourcecode.swift; path = "MCPeerID+Extensions.swift"; sourceTree = "<group>"; };
		952000AA2B848DCE006B1EAE /* readme.md */ = {isa = PBXFileReference; fileEncoding = 4; lastKnownFileType = net.daringfireball.markdown; path = readme.md; sourceTree = "<group>"; };
		952000AB2B848DCE006B1EAE /* Peer.swift */ = {isa = PBXFileReference; fileEncoding = 4; lastKnownFileType = sourcecode.swift; path = Peer.swift; sourceTree = "<group>"; };
		952000C12B848DE1006B1EAE /* Guide.swift */ = {isa = PBXFileReference; fileEncoding = 4; lastKnownFileType = sourcecode.swift; path = Guide.swift; sourceTree = "<group>"; };
		952000D12B848E6C006B1EAE /* Codable+Extensions.swift */ = {isa = PBXFileReference; fileEncoding = 4; lastKnownFileType = sourcecode.swift; path = "Codable+Extensions.swift"; sourceTree = "<group>"; };
		952000D22B848E6C006B1EAE /* HandAnchor+Extensions.swift */ = {isa = PBXFileReference; fileEncoding = 4; lastKnownFileType = sourcecode.swift; path = "HandAnchor+Extensions.swift"; sourceTree = "<group>"; };
		952000D32B848E6C006B1EAE /* Entity+Extensions.swift */ = {isa = PBXFileReference; fileEncoding = 4; lastKnownFileType = sourcecode.swift; path = "Entity+Extensions.swift"; sourceTree = "<group>"; };
		952000D72B848E96006B1EAE /* ViewModel.swift */ = {isa = PBXFileReference; fileEncoding = 4; lastKnownFileType = sourcecode.swift; path = ViewModel.swift; sourceTree = "<group>"; };
/* End PBXFileReference section */

/* Begin PBXFrameworksBuildPhase section */
		6C36A3EA2AB7417F00B7B026 /* Frameworks */ = {
			isa = PBXFrameworksBuildPhase;
			buildActionMask = 2147483647;
			files = (
			);
			runOnlyForDeploymentPostprocessing = 0;
		};
/* End PBXFrameworksBuildPhase section */

/* Begin PBXGroup section */
		6C36A3E42AB7417F00B7B026 = {
			isa = PBXGroup;
			children = (
				6C36A3EF2AB7417F00B7B026 /* HandVectorDemo */,
				6C36A3F02AB7417F00B7B026 /* Packages */,
				6C36A3EE2AB7417F00B7B026 /* Products */,
			);
			sourceTree = "<group>";
		};
		6C36A3EE2AB7417F00B7B026 /* Products */ = {
			isa = PBXGroup;
			children = (
				6C36A3ED2AB7417F00B7B026 /* HandVectorDemo.app */,
			);
			name = Products;
			sourceTree = "<group>";
		};
		6C36A3EF2AB7417F00B7B026 /* HandVectorDemo */ = {
			isa = PBXGroup;
			children = (
				6C36A3F42AB7417F00B7B026 /* HandVectorApp.swift */,
				952000D72B848E96006B1EAE /* ViewModel.swift */,
				952000D02B848E6C006B1EAE /* Extensions */,
				952000CF2B848E12006B1EAE /* RealityViews */,
				952000BC2B848DE1006B1EAE /* Views */,
				952000982B848DCE006B1EAE /* Hand */,
				6C36A3FA2AB7417F00B7B026 /* ImageBasedLighting.skybox */,
				6C36A3FC2AB7418000B7B026 /* Assets.xcassets */,
				6C36A4012AB7418000B7B026 /* Info.plist */,
				6C36A3FE2AB7418000B7B026 /* Preview Content */,
			);
			path = HandVectorDemo;
			sourceTree = "<group>";
		};
		6C36A3F02AB7417F00B7B026 /* Packages */ = {
			isa = PBXGroup;
			children = (
			);
			path = Packages;
			sourceTree = "<group>";
		};
		6C36A3FE2AB7418000B7B026 /* Preview Content */ = {
			isa = PBXGroup;
			children = (
				6C36A3FF2AB7418000B7B026 /* Preview Assets.xcassets */,
			);
			path = "Preview Content";
			sourceTree = "<group>";
		};
		952000982B848DCE006B1EAE /* Hand */ = {
			isa = PBXGroup;
			children = (
				952000992B848DCE006B1EAE /* HandVectorMatcher.swift */,
				9520009A2B848DCE006B1EAE /* HandEmoji */,
				952000A32B848DCE006B1EAE /* HandsUpdates.swift */,
				952000A42B848DCE006B1EAE /* VisionSimHands.swift */,
				952000A52B848DCE006B1EAE /* Bonjour */,
			);
			path = Hand;
			sourceTree = "<group>";
		};
		9520009A2B848DCE006B1EAE /* HandEmoji */ = {
			isa = PBXGroup;
			children = (
				9520009B2B848DCE006B1EAE /* HandEmojiJson1.json */,
				9520009C2B848DCE006B1EAE /* HandEmojiJsonOk.json */,
				9520009D2B848DCE006B1EAE /* HandEmojiParameter.swift */,
				9520009E2B848DCE006B1EAE /* HandEmojiJsonFist.json */,
				9520009F2B848DCE006B1EAE /* HandEmojiJson5.json */,
				952000A02B848DCE006B1EAE /* HandEmojiJsonTips.json */,
				952000A12B848DCE006B1EAE /* HandEmojiTotalJson.json */,
				952000A22B848DCE006B1EAE /* HandEmojiJson2.json */,
			);
			path = HandEmoji;
			sourceTree = "<group>";
		};
		952000A52B848DCE006B1EAE /* Bonjour */ = {
			isa = PBXGroup;
			children = (
				952000A62B848DCE006B1EAE /* BonjourSession.swift */,
				952000A72B848DCE006B1EAE /* ProgressWatcher.swift */,
				952000A82B848DCE006B1EAE /* Extensions */,
				952000AA2B848DCE006B1EAE /* readme.md */,
				952000AB2B848DCE006B1EAE /* Peer.swift */,
			);
			path = Bonjour;
			sourceTree = "<group>";
		};
		952000A82B848DCE006B1EAE /* Extensions */ = {
			isa = PBXGroup;
			children = (
				952000A92B848DCE006B1EAE /* MCPeerID+Extensions.swift */,
			);
			path = Extensions;
			sourceTree = "<group>";
		};
		952000BC2B848DE1006B1EAE /* Views */ = {
			isa = PBXGroup;
			children = (
				952000C12B848DE1006B1EAE /* Guide.swift */,
			);
			path = Views;
			sourceTree = "<group>";
		};
		952000CF2B848E12006B1EAE /* RealityViews */ = {
			isa = PBXGroup;
			children = (
				952000962B848DC6006B1EAE /* GuideImmersiveView.swift */,
			);
			path = RealityViews;
			sourceTree = "<group>";
		};
		952000D02B848E6C006B1EAE /* Extensions */ = {
			isa = PBXGroup;
			children = (
				952000D12B848E6C006B1EAE /* Codable+Extensions.swift */,
				952000D22B848E6C006B1EAE /* HandAnchor+Extensions.swift */,
				952000D32B848E6C006B1EAE /* Entity+Extensions.swift */,
			);
			path = Extensions;
			sourceTree = "<group>";
		};
/* End PBXGroup section */

/* Begin PBXNativeTarget section */
		6C36A3EC2AB7417F00B7B026 /* HandVectorDemo */ = {
			isa = PBXNativeTarget;
			buildConfigurationList = 6C36A4042AB7418000B7B026 /* Build configuration list for PBXNativeTarget "HandVectorDemo" */;
			buildPhases = (
				6C36A3E92AB7417F00B7B026 /* Sources */,
				6C36A3EA2AB7417F00B7B026 /* Frameworks */,
				6C36A3EB2AB7417F00B7B026 /* Resources */,
			);
			buildRules = (
			);
			dependencies = (
			);
			name = HandVectorDemo;
			packageProductDependencies = (
			);
			productName = HandVector;
			productReference = 6C36A3ED2AB7417F00B7B026 /* HandVectorDemo.app */;
			productType = "com.apple.product-type.application";
		};
/* End PBXNativeTarget section */

/* Begin PBXProject section */
		6C36A3E52AB7417F00B7B026 /* Project object */ = {
			isa = PBXProject;
			attributes = {
				BuildIndependentTargetsInParallel = 1;
				LastSwiftUpdateCheck = 1500;
				LastUpgradeCheck = 1500;
				TargetAttributes = {
					6C36A3EC2AB7417F00B7B026 = {
						CreatedOnToolsVersion = 15.0;
					};
				};
			};
			buildConfigurationList = 6C36A3E82AB7417F00B7B026 /* Build configuration list for PBXProject "HandVectorDemo" */;
			compatibilityVersion = "Xcode 14.0";
			developmentRegion = en;
			hasScannedForEncodings = 0;
			knownRegions = (
				en,
				Base,
			);
			mainGroup = 6C36A3E42AB7417F00B7B026;
			productRefGroup = 6C36A3EE2AB7417F00B7B026 /* Products */;
			projectDirPath = "";
			projectRoot = "";
			targets = (
				6C36A3EC2AB7417F00B7B026 /* HandVectorDemo */,
			);
		};
/* End PBXProject section */

/* Begin PBXResourcesBuildPhase section */
		6C36A3EB2AB7417F00B7B026 /* Resources */ = {
			isa = PBXResourcesBuildPhase;
			buildActionMask = 2147483647;
			files = (
				952000BA2B848DCE006B1EAE /* readme.md in Resources */,
				952000B12B848DCE006B1EAE /* HandEmojiJson5.json in Resources */,
				6C36A3FD2AB7418000B7B026 /* Assets.xcassets in Resources */,
				952000B42B848DCE006B1EAE /* HandEmojiJson2.json in Resources */,
				952000B32B848DCE006B1EAE /* HandEmojiTotalJson.json in Resources */,
				952000B02B848DCE006B1EAE /* HandEmojiJsonFist.json in Resources */,
				952000AE2B848DCE006B1EAE /* HandEmojiJsonOk.json in Resources */,
				952000AD2B848DCE006B1EAE /* HandEmojiJson1.json in Resources */,
				6C36A4002AB7418000B7B026 /* Preview Assets.xcassets in Resources */,
				6C36A3FB2AB7417F00B7B026 /* ImageBasedLighting.skybox in Resources */,
				952000B22B848DCE006B1EAE /* HandEmojiJsonTips.json in Resources */,
			);
			runOnlyForDeploymentPostprocessing = 0;
		};
/* End PBXResourcesBuildPhase section */

/* Begin PBXSourcesBuildPhase section */
		6C36A3E92AB7417F00B7B026 /* Sources */ = {
			isa = PBXSourcesBuildPhase;
			buildActionMask = 2147483647;
			files = (
				952000D42B848E6C006B1EAE /* Codable+Extensions.swift in Sources */,
				6C36A3F52AB7417F00B7B026 /* HandVectorApp.swift in Sources */,
				952000AC2B848DCE006B1EAE /* HandVectorMatcher.swift in Sources */,
				952000B92B848DCE006B1EAE /* MCPeerID+Extensions.swift in Sources */,
				952000D62B848E6C006B1EAE /* Entity+Extensions.swift in Sources */,
				952000972B848DC6006B1EAE /* GuideImmersiveView.swift in Sources */,
				952000B82B848DCE006B1EAE /* ProgressWatcher.swift in Sources */,
				952000B52B848DCE006B1EAE /* HandsUpdates.swift in Sources */,
				952000B62B848DCE006B1EAE /* VisionSimHands.swift in Sources */,
				952000AF2B848DCE006B1EAE /* HandEmojiParameter.swift in Sources */,
				952000D82B848E96006B1EAE /* ViewModel.swift in Sources */,
				952000D52B848E6C006B1EAE /* HandAnchor+Extensions.swift in Sources */,
				952000B72B848DCE006B1EAE /* BonjourSession.swift in Sources */,
				952000CA2B848DE1006B1EAE /* Guide.swift in Sources */,
				952000BB2B848DCE006B1EAE /* Peer.swift in Sources */,
			);
			runOnlyForDeploymentPostprocessing = 0;
		};
/* End PBXSourcesBuildPhase section */

/* Begin XCBuildConfiguration section */
		6C36A4022AB7418000B7B026 /* Debug */ = {
			isa = XCBuildConfiguration;
			buildSettings = {
				ALWAYS_SEARCH_USER_PATHS = NO;
				ASSETCATALOG_COMPILER_GENERATE_SWIFT_ASSET_SYMBOL_EXTENSIONS = YES;
				CLANG_ANALYZER_NONNULL = YES;
				CLANG_ANALYZER_NUMBER_OBJECT_CONVERSION = YES_AGGRESSIVE;
				CLANG_CXX_LANGUAGE_STANDARD = "gnu++20";
				CLANG_ENABLE_MODULES = YES;
				CLANG_ENABLE_OBJC_ARC = YES;
				CLANG_ENABLE_OBJC_WEAK = YES;
				CLANG_WARN_BLOCK_CAPTURE_AUTORELEASING = YES;
				CLANG_WARN_BOOL_CONVERSION = YES;
				CLANG_WARN_COMMA = YES;
				CLANG_WARN_CONSTANT_CONVERSION = YES;
				CLANG_WARN_DEPRECATED_OBJC_IMPLEMENTATIONS = YES;
				CLANG_WARN_DIRECT_OBJC_ISA_USAGE = YES_ERROR;
				CLANG_WARN_DOCUMENTATION_COMMENTS = YES;
				CLANG_WARN_EMPTY_BODY = YES;
				CLANG_WARN_ENUM_CONVERSION = YES;
				CLANG_WARN_INFINITE_RECURSION = YES;
				CLANG_WARN_INT_CONVERSION = YES;
				CLANG_WARN_NON_LITERAL_NULL_CONVERSION = YES;
				CLANG_WARN_OBJC_IMPLICIT_RETAIN_SELF = YES;
				CLANG_WARN_OBJC_LITERAL_CONVERSION = YES;
				CLANG_WARN_OBJC_ROOT_CLASS = YES_ERROR;
				CLANG_WARN_QUOTED_INCLUDE_IN_FRAMEWORK_HEADER = YES;
				CLANG_WARN_RANGE_LOOP_ANALYSIS = YES;
				CLANG_WARN_STRICT_PROTOTYPES = YES;
				CLANG_WARN_SUSPICIOUS_MOVE = YES;
				CLANG_WARN_UNGUARDED_AVAILABILITY = YES_AGGRESSIVE;
				CLANG_WARN_UNREACHABLE_CODE = YES;
				CLANG_WARN__DUPLICATE_METHOD_MATCH = YES;
				COPY_PHASE_STRIP = NO;
				DEBUG_INFORMATION_FORMAT = dwarf;
				ENABLE_STRICT_OBJC_MSGSEND = YES;
				ENABLE_TESTABILITY = YES;
				ENABLE_USER_SCRIPT_SANDBOXING = YES;
				GCC_C_LANGUAGE_STANDARD = gnu17;
				GCC_DYNAMIC_NO_PIC = NO;
				GCC_NO_COMMON_BLOCKS = YES;
				GCC_OPTIMIZATION_LEVEL = 0;
				GCC_PREPROCESSOR_DEFINITIONS = (
					"DEBUG=1",
					"$(inherited)",
				);
				GCC_WARN_64_TO_32_BIT_CONVERSION = YES;
				GCC_WARN_ABOUT_RETURN_TYPE = YES_ERROR;
				GCC_WARN_UNDECLARED_SELECTOR = YES;
				GCC_WARN_UNINITIALIZED_AUTOS = YES_AGGRESSIVE;
				GCC_WARN_UNUSED_FUNCTION = YES;
				GCC_WARN_UNUSED_VARIABLE = YES;
				LOCALIZATION_PREFERS_STRING_CATALOGS = YES;
				MTL_ENABLE_DEBUG_INFO = INCLUDE_SOURCE;
				MTL_FAST_MATH = YES;
				ONLY_ACTIVE_ARCH = YES;
				SDKROOT = xros;
				SWIFT_ACTIVE_COMPILATION_CONDITIONS = "DEBUG $(inherited)";
				SWIFT_OPTIMIZATION_LEVEL = "-Onone";
				XROS_DEPLOYMENT_TARGET = 1.0;
			};
			name = Debug;
		};
		6C36A4032AB7418000B7B026 /* Release */ = {
			isa = XCBuildConfiguration;
			buildSettings = {
				ALWAYS_SEARCH_USER_PATHS = NO;
				ASSETCATALOG_COMPILER_GENERATE_SWIFT_ASSET_SYMBOL_EXTENSIONS = YES;
				CLANG_ANALYZER_NONNULL = YES;
				CLANG_ANALYZER_NUMBER_OBJECT_CONVERSION = YES_AGGRESSIVE;
				CLANG_CXX_LANGUAGE_STANDARD = "gnu++20";
				CLANG_ENABLE_MODULES = YES;
				CLANG_ENABLE_OBJC_ARC = YES;
				CLANG_ENABLE_OBJC_WEAK = YES;
				CLANG_WARN_BLOCK_CAPTURE_AUTORELEASING = YES;
				CLANG_WARN_BOOL_CONVERSION = YES;
				CLANG_WARN_COMMA = YES;
				CLANG_WARN_CONSTANT_CONVERSION = YES;
				CLANG_WARN_DEPRECATED_OBJC_IMPLEMENTATIONS = YES;
				CLANG_WARN_DIRECT_OBJC_ISA_USAGE = YES_ERROR;
				CLANG_WARN_DOCUMENTATION_COMMENTS = YES;
				CLANG_WARN_EMPTY_BODY = YES;
				CLANG_WARN_ENUM_CONVERSION = YES;
				CLANG_WARN_INFINITE_RECURSION = YES;
				CLANG_WARN_INT_CONVERSION = YES;
				CLANG_WARN_NON_LITERAL_NULL_CONVERSION = YES;
				CLANG_WARN_OBJC_IMPLICIT_RETAIN_SELF = YES;
				CLANG_WARN_OBJC_LITERAL_CONVERSION = YES;
				CLANG_WARN_OBJC_ROOT_CLASS = YES_ERROR;
				CLANG_WARN_QUOTED_INCLUDE_IN_FRAMEWORK_HEADER = YES;
				CLANG_WARN_RANGE_LOOP_ANALYSIS = YES;
				CLANG_WARN_STRICT_PROTOTYPES = YES;
				CLANG_WARN_SUSPICIOUS_MOVE = YES;
				CLANG_WARN_UNGUARDED_AVAILABILITY = YES_AGGRESSIVE;
				CLANG_WARN_UNREACHABLE_CODE = YES;
				CLANG_WARN__DUPLICATE_METHOD_MATCH = YES;
				COPY_PHASE_STRIP = NO;
				DEBUG_INFORMATION_FORMAT = "dwarf-with-dsym";
				ENABLE_NS_ASSERTIONS = NO;
				ENABLE_STRICT_OBJC_MSGSEND = YES;
				ENABLE_USER_SCRIPT_SANDBOXING = YES;
				GCC_C_LANGUAGE_STANDARD = gnu17;
				GCC_NO_COMMON_BLOCKS = YES;
				GCC_WARN_64_TO_32_BIT_CONVERSION = YES;
				GCC_WARN_ABOUT_RETURN_TYPE = YES_ERROR;
				GCC_WARN_UNDECLARED_SELECTOR = YES;
				GCC_WARN_UNINITIALIZED_AUTOS = YES_AGGRESSIVE;
				GCC_WARN_UNUSED_FUNCTION = YES;
				GCC_WARN_UNUSED_VARIABLE = YES;
				LOCALIZATION_PREFERS_STRING_CATALOGS = YES;
				MTL_ENABLE_DEBUG_INFO = NO;
				MTL_FAST_MATH = YES;
				SDKROOT = xros;
				SWIFT_COMPILATION_MODE = wholemodule;
				VALIDATE_PRODUCT = YES;
				XROS_DEPLOYMENT_TARGET = 1.0;
			};
			name = Release;
		};
		6C36A4052AB7418000B7B026 /* Debug */ = {
			isa = XCBuildConfiguration;
			buildSettings = {
				ASSETCATALOG_COMPILER_APPICON_NAME = AppIcon;
				ASSETCATALOG_COMPILER_GLOBAL_ACCENT_COLOR_NAME = AccentColor;
				CODE_SIGN_STYLE = Automatic;
				CURRENT_PROJECT_VERSION = 1;
				DEVELOPMENT_ASSET_PATHS = "\"HandVectorDemo/Preview Content\"";
				DEVELOPMENT_TEAM = 67UBXXU7S9;
				ENABLE_PREVIEWS = YES;
				GENERATE_INFOPLIST_FILE = YES;
				INFOPLIST_FILE = "$(TARGET_NAME)/Info.plist";
				LD_RUNPATH_SEARCH_PATHS = (
					"$(inherited)",
					"@executable_path/Frameworks",
				);
				MARKETING_VERSION = 1.0;
				PRODUCT_BUNDLE_IDENTIFIER = com.reality.HandVectorDemo;
				PRODUCT_NAME = "$(TARGET_NAME)";
				SUPPORTED_PLATFORMS = "xros xrsimulator";
				SWIFT_EMIT_LOC_STRINGS = YES;
				SWIFT_VERSION = 5.0;
				TARGETED_DEVICE_FAMILY = "1,2,7";
			};
			name = Debug;
		};
		6C36A4062AB7418000B7B026 /* Release */ = {
			isa = XCBuildConfiguration;
			buildSettings = {
				ASSETCATALOG_COMPILER_APPICON_NAME = AppIcon;
				ASSETCATALOG_COMPILER_GLOBAL_ACCENT_COLOR_NAME = AccentColor;
				CODE_SIGN_STYLE = Automatic;
				CURRENT_PROJECT_VERSION = 1;
				DEVELOPMENT_ASSET_PATHS = "\"HandVectorDemo/Preview Content\"";
				DEVELOPMENT_TEAM = 67UBXXU7S9;
				ENABLE_PREVIEWS = YES;
				GENERATE_INFOPLIST_FILE = YES;
				INFOPLIST_FILE = "$(TARGET_NAME)/Info.plist";
				LD_RUNPATH_SEARCH_PATHS = (
					"$(inherited)",
					"@executable_path/Frameworks",
				);
				MARKETING_VERSION = 1.0;
				PRODUCT_BUNDLE_IDENTIFIER = com.reality.HandVectorDemo;
				PRODUCT_NAME = "$(TARGET_NAME)";
				SUPPORTED_PLATFORMS = "xros xrsimulator";
				SWIFT_EMIT_LOC_STRINGS = YES;
				SWIFT_VERSION = 5.0;
				TARGETED_DEVICE_FAMILY = "1,2,7";
			};
			name = Release;
		};
/* End XCBuildConfiguration section */

/* Begin XCConfigurationList section */
		6C36A3E82AB7417F00B7B026 /* Build configuration list for PBXProject "HandVectorDemo" */ = {
			isa = XCConfigurationList;
			buildConfigurations = (
				6C36A4022AB7418000B7B026 /* Debug */,
				6C36A4032AB7418000B7B026 /* Release */,
			);
			defaultConfigurationIsVisible = 0;
			defaultConfigurationName = Release;
		};
		6C36A4042AB7418000B7B026 /* Build configuration list for PBXNativeTarget "HandVectorDemo" */ = {
			isa = XCConfigurationList;
			buildConfigurations = (
				6C36A4052AB7418000B7B026 /* Debug */,
				6C36A4062AB7418000B7B026 /* Release */,
			);
			defaultConfigurationIsVisible = 0;
			defaultConfigurationName = Release;
		};
/* End XCConfigurationList section */
	};
	rootObject = 6C36A3E52AB7417F00B7B026 /* Project object */;
}
