// !$*UTF8*$!
{
	archiveVersion = 1;
	classes = {
	};
	objectVersion = 56;
	objects = {

/* Begin PBXBuildFile section */
		6C36A3F32AB7417F00B7B026 /* RealityKitContent in Frameworks */ = {isa = PBXBuildFile; productRef = 6C36A3F22AB7417F00B7B026 /* RealityKitContent */; };
		6C36A3F52AB7417F00B7B026 /* HandVectorApp.swift in Sources */ = {isa = PBXBuildFile; fileRef = 6C36A3F42AB7417F00B7B026 /* HandVectorApp.swift */; };
		6C36A3F72AB7417F00B7B026 /* ContentView.swift in Sources */ = {isa = PBXBuildFile; fileRef = 6C36A3F62AB7417F00B7B026 /* ContentView.swift */; };
		6C36A3F92AB7417F00B7B026 /* ImmersiveView.swift in Sources */ = {isa = PBXBuildFile; fileRef = 6C36A3F82AB7417F00B7B026 /* ImmersiveView.swift */; };
		6C36A3FB2AB7417F00B7B026 /* ImageBasedLighting.skybox in Resources */ = {isa = PBXBuildFile; fileRef = 6C36A3FA2AB7417F00B7B026 /* ImageBasedLighting.skybox */; };
		6C36A3FD2AB7418000B7B026 /* Assets.xcassets in Resources */ = {isa = PBXBuildFile; fileRef = 6C36A3FC2AB7418000B7B026 /* Assets.xcassets */; };
		6C36A4002AB7418000B7B026 /* Preview Assets.xcassets in Resources */ = {isa = PBXBuildFile; fileRef = 6C36A3FF2AB7418000B7B026 /* Preview Assets.xcassets */; };
		6C36A4082AB74AD200B7B026 /* ViewModel.swift in Sources */ = {isa = PBXBuildFile; fileRef = 6C36A4072AB74AD200B7B026 /* ViewModel.swift */; };
		6C36A40A2AB74C6300B7B026 /* Entity+Extensions.swift in Sources */ = {isa = PBXBuildFile; fileRef = 6C36A4092AB74C6300B7B026 /* Entity+Extensions.swift */; };
		9540FAE42AC55BDD001717D8 /* HandAnchor+Extensions.swift in Sources */ = {isa = PBXBuildFile; fileRef = 9540FAE32AC55BDD001717D8 /* HandAnchor+Extensions.swift */; };
		95ABDDF62ABD9988006C7B0E /* HandVector.swift in Sources */ = {isa = PBXBuildFile; fileRef = 95ABDDF52ABD9988006C7B0E /* HandVector.swift */; };
/* End PBXBuildFile section */

/* Begin PBXFileReference section */
		6C36A3ED2AB7417F00B7B026 /* HandVector.app */ = {isa = PBXFileReference; explicitFileType = wrapper.application; includeInIndex = 0; path = HandVector.app; sourceTree = BUILT_PRODUCTS_DIR; };
		6C36A3F12AB7417F00B7B026 /* RealityKitContent */ = {isa = PBXFileReference; lastKnownFileType = wrapper; path = RealityKitContent; sourceTree = "<group>"; };
		6C36A3F42AB7417F00B7B026 /* HandVectorApp.swift */ = {isa = PBXFileReference; lastKnownFileType = sourcecode.swift; path = HandVectorApp.swift; sourceTree = "<group>"; };
		6C36A3F62AB7417F00B7B026 /* ContentView.swift */ = {isa = PBXFileReference; lastKnownFileType = sourcecode.swift; path = ContentView.swift; sourceTree = "<group>"; };
		6C36A3F82AB7417F00B7B026 /* ImmersiveView.swift */ = {isa = PBXFileReference; lastKnownFileType = sourcecode.swift; path = ImmersiveView.swift; sourceTree = "<group>"; };
		6C36A3FA2AB7417F00B7B026 /* ImageBasedLighting.skybox */ = {isa = PBXFileReference; lastKnownFileType = file.skybox; path = ImageBasedLighting.skybox; sourceTree = "<group>"; };
		6C36A3FC2AB7418000B7B026 /* Assets.xcassets */ = {isa = PBXFileReference; lastKnownFileType = folder.assetcatalog; path = Assets.xcassets; sourceTree = "<group>"; };
		6C36A3FF2AB7418000B7B026 /* Preview Assets.xcassets */ = {isa = PBXFileReference; lastKnownFileType = folder.assetcatalog; path = "Preview Assets.xcassets"; sourceTree = "<group>"; };
		6C36A4012AB7418000B7B026 /* Info.plist */ = {isa = PBXFileReference; lastKnownFileType = text.plist.xml; path = Info.plist; sourceTree = "<group>"; };
		6C36A4072AB74AD200B7B026 /* ViewModel.swift */ = {isa = PBXFileReference; fileEncoding = 4; lastKnownFileType = sourcecode.swift; path = ViewModel.swift; sourceTree = "<group>"; };
		6C36A4092AB74C6300B7B026 /* Entity+Extensions.swift */ = {isa = PBXFileReference; fileEncoding = 4; lastKnownFileType = sourcecode.swift; path = "Entity+Extensions.swift"; sourceTree = "<group>"; };
		9540FAE32AC55BDD001717D8 /* HandAnchor+Extensions.swift */ = {isa = PBXFileReference; lastKnownFileType = sourcecode.swift; path = "HandAnchor+Extensions.swift"; sourceTree = "<group>"; };
		95ABDDF52ABD9988006C7B0E /* HandVector.swift */ = {isa = PBXFileReference; lastKnownFileType = sourcecode.swift; path = HandVector.swift; sourceTree = "<group>"; };
/* End PBXFileReference section */

/* Begin PBXFrameworksBuildPhase section */
		6C36A3EA2AB7417F00B7B026 /* Frameworks */ = {
			isa = PBXFrameworksBuildPhase;
			buildActionMask = 2147483647;
			files = (
				6C36A3F32AB7417F00B7B026 /* RealityKitContent in Frameworks */,
			);
			runOnlyForDeploymentPostprocessing = 0;
		};
/* End PBXFrameworksBuildPhase section */

/* Begin PBXGroup section */
		6C36A3E42AB7417F00B7B026 = {
			isa = PBXGroup;
			children = (
				6C36A3EF2AB7417F00B7B026 /* HandVector */,
				6C36A3F02AB7417F00B7B026 /* Packages */,
				6C36A3EE2AB7417F00B7B026 /* Products */,
			);
			sourceTree = "<group>";
		};
		6C36A3EE2AB7417F00B7B026 /* Products */ = {
			isa = PBXGroup;
			children = (
				6C36A3ED2AB7417F00B7B026 /* HandVector.app */,
			);
			name = Products;
			sourceTree = "<group>";
		};
		6C36A3EF2AB7417F00B7B026 /* HandVector */ = {
			isa = PBXGroup;
			children = (
				6C36A3F42AB7417F00B7B026 /* HandVectorApp.swift */,
				6C36A3F62AB7417F00B7B026 /* ContentView.swift */,
				6C36A3F82AB7417F00B7B026 /* ImmersiveView.swift */,
				6C36A4072AB74AD200B7B026 /* ViewModel.swift */,
				95ABDDF52ABD9988006C7B0E /* HandVector.swift */,
				9540FAE32AC55BDD001717D8 /* HandAnchor+Extensions.swift */,
				6C36A4092AB74C6300B7B026 /* Entity+Extensions.swift */,
				6C36A3FA2AB7417F00B7B026 /* ImageBasedLighting.skybox */,
				6C36A3FC2AB7418000B7B026 /* Assets.xcassets */,
				6C36A4012AB7418000B7B026 /* Info.plist */,
				6C36A3FE2AB7418000B7B026 /* Preview Content */,
			);
			path = HandVector;
			sourceTree = "<group>";
		};
		6C36A3F02AB7417F00B7B026 /* Packages */ = {
			isa = PBXGroup;
			children = (
				6C36A3F12AB7417F00B7B026 /* RealityKitContent */,
			);
			path = Packages;
			sourceTree = "<group>";
		};
		6C36A3FE2AB7418000B7B026 /* Preview Content */ = {
			isa = PBXGroup;
			children = (
				6C36A3FF2AB7418000B7B026 /* Preview Assets.xcassets */,
			);
			path = "Preview Content";
			sourceTree = "<group>";
		};
/* End PBXGroup section */

/* Begin PBXNativeTarget section */
		6C36A3EC2AB7417F00B7B026 /* HandVector */ = {
			isa = PBXNativeTarget;
			buildConfigurationList = 6C36A4042AB7418000B7B026 /* Build configuration list for PBXNativeTarget "HandVector" */;
			buildPhases = (
				6C36A3E92AB7417F00B7B026 /* Sources */,
				6C36A3EA2AB7417F00B7B026 /* Frameworks */,
				6C36A3EB2AB7417F00B7B026 /* Resources */,
			);
			buildRules = (
			);
			dependencies = (
			);
			name = HandVector;
			packageProductDependencies = (
				6C36A3F22AB7417F00B7B026 /* RealityKitContent */,
			);
			productName = HandVector;
			productReference = 6C36A3ED2AB7417F00B7B026 /* HandVector.app */;
			productType = "com.apple.product-type.application";
		};
/* End PBXNativeTarget section */

/* Begin PBXProject section */
		6C36A3E52AB7417F00B7B026 /* Project object */ = {
			isa = PBXProject;
			attributes = {
				BuildIndependentTargetsInParallel = 1;
				LastSwiftUpdateCheck = 1500;
				LastUpgradeCheck = 1500;
				TargetAttributes = {
					6C36A3EC2AB7417F00B7B026 = {
						CreatedOnToolsVersion = 15.0;
					};
				};
			};
			buildConfigurationList = 6C36A3E82AB7417F00B7B026 /* Build configuration list for PBXProject "HandVector" */;
			compatibilityVersion = "Xcode 14.0";
			developmentRegion = en;
			hasScannedForEncodings = 0;
			knownRegions = (
				en,
				Base,
			);
			mainGroup = 6C36A3E42AB7417F00B7B026;
			productRefGroup = 6C36A3EE2AB7417F00B7B026 /* Products */;
			projectDirPath = "";
			projectRoot = "";
			targets = (
				6C36A3EC2AB7417F00B7B026 /* HandVector */,
			);
		};
/* End PBXProject section */

/* Begin PBXResourcesBuildPhase section */
		6C36A3EB2AB7417F00B7B026 /* Resources */ = {
			isa = PBXResourcesBuildPhase;
			buildActionMask = 2147483647;
			files = (
				6C36A3FD2AB7418000B7B026 /* Assets.xcassets in Resources */,
				6C36A4002AB7418000B7B026 /* Preview Assets.xcassets in Resources */,
				6C36A3FB2AB7417F00B7B026 /* ImageBasedLighting.skybox in Resources */,
			);
			runOnlyForDeploymentPostprocessing = 0;
		};
/* End PBXResourcesBuildPhase section */

/* Begin PBXSourcesBuildPhase section */
		6C36A3E92AB7417F00B7B026 /* Sources */ = {
			isa = PBXSourcesBuildPhase;
			buildActionMask = 2147483647;
			files = (
				6C36A40A2AB74C6300B7B026 /* Entity+Extensions.swift in Sources */,
				9540FAE42AC55BDD001717D8 /* HandAnchor+Extensions.swift in Sources */,
				6C36A3F72AB7417F00B7B026 /* ContentView.swift in Sources */,
				6C36A3F52AB7417F00B7B026 /* HandVectorApp.swift in Sources */,
				6C36A4082AB74AD200B7B026 /* ViewModel.swift in Sources */,
				6C36A3F92AB7417F00B7B026 /* ImmersiveView.swift in Sources */,
				95ABDDF62ABD9988006C7B0E /* HandVector.swift in Sources */,
			);
			runOnlyForDeploymentPostprocessing = 0;
		};
/* End PBXSourcesBuildPhase section */

/* Begin XCBuildConfiguration section */
		6C36A4022AB7418000B7B026 /* Debug */ = {
			isa = XCBuildConfiguration;
			buildSettings = {
				ALWAYS_SEARCH_USER_PATHS = NO;
				ASSETCATALOG_COMPILER_GENERATE_SWIFT_ASSET_SYMBOL_EXTENSIONS = YES;
				CLANG_ANALYZER_NONNULL = YES;
				CLANG_ANALYZER_NUMBER_OBJECT_CONVERSION = YES_AGGRESSIVE;
				CLANG_CXX_LANGUAGE_STANDARD = "gnu++20";
				CLANG_ENABLE_MODULES = YES;
				CLANG_ENABLE_OBJC_ARC = YES;
				CLANG_ENABLE_OBJC_WEAK = YES;
				CLANG_WARN_BLOCK_CAPTURE_AUTORELEASING = YES;
				CLANG_WARN_BOOL_CONVERSION = YES;
				CLANG_WARN_COMMA = YES;
				CLANG_WARN_CONSTANT_CONVERSION = YES;
				CLANG_WARN_DEPRECATED_OBJC_IMPLEMENTATIONS = YES;
				CLANG_WARN_DIRECT_OBJC_ISA_USAGE = YES_ERROR;
				CLANG_WARN_DOCUMENTATION_COMMENTS = YES;
				CLANG_WARN_EMPTY_BODY = YES;
				CLANG_WARN_ENUM_CONVERSION = YES;
				CLANG_WARN_INFINITE_RECURSION = YES;
				CLANG_WARN_INT_CONVERSION = YES;
				CLANG_WARN_NON_LITERAL_NULL_CONVERSION = YES;
				CLANG_WARN_OBJC_IMPLICIT_RETAIN_SELF = YES;
				CLANG_WARN_OBJC_LITERAL_CONVERSION = YES;
				CLANG_WARN_OBJC_ROOT_CLASS = YES_ERROR;
				CLANG_WARN_QUOTED_INCLUDE_IN_FRAMEWORK_HEADER = YES;
				CLANG_WARN_RANGE_LOOP_ANALYSIS = YES;
				CLANG_WARN_STRICT_PROTOTYPES = YES;
				CLANG_WARN_SUSPICIOUS_MOVE = YES;
				CLANG_WARN_UNGUARDED_AVAILABILITY = YES_AGGRESSIVE;
				CLANG_WARN_UNREACHABLE_CODE = YES;
				CLANG_WARN__DUPLICATE_METHOD_MATCH = YES;
				COPY_PHASE_STRIP = NO;
				DEBUG_INFORMATION_FORMAT = dwarf;
				ENABLE_STRICT_OBJC_MSGSEND = YES;
				ENABLE_TESTABILITY = YES;
				ENABLE_USER_SCRIPT_SANDBOXING = YES;
				GCC_C_LANGUAGE_STANDARD = gnu17;
				GCC_DYNAMIC_NO_PIC = NO;
				GCC_NO_COMMON_BLOCKS = YES;
				GCC_OPTIMIZATION_LEVEL = 0;
				GCC_PREPROCESSOR_DEFINITIONS = (
					"DEBUG=1",
					"$(inherited)",
				);
				GCC_WARN_64_TO_32_BIT_CONVERSION = YES;
				GCC_WARN_ABOUT_RETURN_TYPE = YES_ERROR;
				GCC_WARN_UNDECLARED_SELECTOR = YES;
				GCC_WARN_UNINITIALIZED_AUTOS = YES_AGGRESSIVE;
				GCC_WARN_UNUSED_FUNCTION = YES;
				GCC_WARN_UNUSED_VARIABLE = YES;
				LOCALIZATION_PREFERS_STRING_CATALOGS = YES;
				MTL_ENABLE_DEBUG_INFO = INCLUDE_SOURCE;
				MTL_FAST_MATH = YES;
				ONLY_ACTIVE_ARCH = YES;
				SDKROOT = xros;
				SWIFT_ACTIVE_COMPILATION_CONDITIONS = "DEBUG $(inherited)";
				SWIFT_OPTIMIZATION_LEVEL = "-Onone";
				XROS_DEPLOYMENT_TARGET = 1.0;
			};
			name = Debug;
		};
		6C36A4032AB7418000B7B026 /* Release */ = {
			isa = XCBuildConfiguration;
			buildSettings = {
				ALWAYS_SEARCH_USER_PATHS = NO;
				ASSETCATALOG_COMPILER_GENERATE_SWIFT_ASSET_SYMBOL_EXTENSIONS = YES;
				CLANG_ANALYZER_NONNULL = YES;
				CLANG_ANALYZER_NUMBER_OBJECT_CONVERSION = YES_AGGRESSIVE;
				CLANG_CXX_LANGUAGE_STANDARD = "gnu++20";
				CLANG_ENABLE_MODULES = YES;
				CLANG_ENABLE_OBJC_ARC = YES;
				CLANG_ENABLE_OBJC_WEAK = YES;
				CLANG_WARN_BLOCK_CAPTURE_AUTORELEASING = YES;
				CLANG_WARN_BOOL_CONVERSION = YES;
				CLANG_WARN_COMMA = YES;
				CLANG_WARN_CONSTANT_CONVERSION = YES;
				CLANG_WARN_DEPRECATED_OBJC_IMPLEMENTATIONS = YES;
				CLANG_WARN_DIRECT_OBJC_ISA_USAGE = YES_ERROR;
				CLANG_WARN_DOCUMENTATION_COMMENTS = YES;
				CLANG_WARN_EMPTY_BODY = YES;
				CLANG_WARN_ENUM_CONVERSION = YES;
				CLANG_WARN_INFINITE_RECURSION = YES;
				CLANG_WARN_INT_CONVERSION = YES;
				CLANG_WARN_NON_LITERAL_NULL_CONVERSION = YES;
				CLANG_WARN_OBJC_IMPLICIT_RETAIN_SELF = YES;
				CLANG_WARN_OBJC_LITERAL_CONVERSION = YES;
				CLANG_WARN_OBJC_ROOT_CLASS = YES_ERROR;
				CLANG_WARN_QUOTED_INCLUDE_IN_FRAMEWORK_HEADER = YES;
				CLANG_WARN_RANGE_LOOP_ANALYSIS = YES;
				CLANG_WARN_STRICT_PROTOTYPES = YES;
				CLANG_WARN_SUSPICIOUS_MOVE = YES;
				CLANG_WARN_UNGUARDED_AVAILABILITY = YES_AGGRESSIVE;
				CLANG_WARN_UNREACHABLE_CODE = YES;
				CLANG_WARN__DUPLICATE_METHOD_MATCH = YES;
				COPY_PHASE_STRIP = NO;
				DEBUG_INFORMATION_FORMAT = "dwarf-with-dsym";
				ENABLE_NS_ASSERTIONS = NO;
				ENABLE_STRICT_OBJC_MSGSEND = YES;
				ENABLE_USER_SCRIPT_SANDBOXING = YES;
				GCC_C_LANGUAGE_STANDARD = gnu17;
				GCC_NO_COMMON_BLOCKS = YES;
				GCC_WARN_64_TO_32_BIT_CONVERSION = YES;
				GCC_WARN_ABOUT_RETURN_TYPE = YES_ERROR;
				GCC_WARN_UNDECLARED_SELECTOR = YES;
				GCC_WARN_UNINITIALIZED_AUTOS = YES_AGGRESSIVE;
				GCC_WARN_UNUSED_FUNCTION = YES;
				GCC_WARN_UNUSED_VARIABLE = YES;
				LOCALIZATION_PREFERS_STRING_CATALOGS = YES;
				MTL_ENABLE_DEBUG_INFO = NO;
				MTL_FAST_MATH = YES;
				SDKROOT = xros;
				SWIFT_COMPILATION_MODE = wholemodule;
				VALIDATE_PRODUCT = YES;
				XROS_DEPLOYMENT_TARGET = 1.0;
			};
			name = Release;
		};
		6C36A4052AB7418000B7B026 /* Debug */ = {
			isa = XCBuildConfiguration;
			buildSettings = {
				ASSETCATALOG_COMPILER_APPICON_NAME = AppIcon;
				ASSETCATALOG_COMPILER_GLOBAL_ACCENT_COLOR_NAME = AccentColor;
				CODE_SIGN_STYLE = Automatic;
				CURRENT_PROJECT_VERSION = 1;
				DEVELOPMENT_ASSET_PATHS = "\"HandVector/Preview Content\"";
				DEVELOPMENT_TEAM = 67UBXXU7S9;
				ENABLE_PREVIEWS = YES;
				GENERATE_INFOPLIST_FILE = YES;
				INFOPLIST_FILE = "$(TARGET_NAME)/Info.plist";
				LD_RUNPATH_SEARCH_PATHS = (
					"$(inherited)",
					"@executable_path/Frameworks",
				);
				MARKETING_VERSION = 1.0;
				PRODUCT_BUNDLE_IDENTIFIER = com.reality.HandVector;
				PRODUCT_NAME = "$(TARGET_NAME)";
				SUPPORTED_PLATFORMS = "xros xrsimulator";
				SWIFT_EMIT_LOC_STRINGS = YES;
				SWIFT_VERSION = 5.0;
				TARGETED_DEVICE_FAMILY = "1,2,7";
			};
			name = Debug;
		};
		6C36A4062AB7418000B7B026 /* Release */ = {
			isa = XCBuildConfiguration;
			buildSettings = {
				ASSETCATALOG_COMPILER_APPICON_NAME = AppIcon;
				ASSETCATALOG_COMPILER_GLOBAL_ACCENT_COLOR_NAME = AccentColor;
				CODE_SIGN_STYLE = Automatic;
				CURRENT_PROJECT_VERSION = 1;
				DEVELOPMENT_ASSET_PATHS = "\"HandVector/Preview Content\"";
				DEVELOPMENT_TEAM = 67UBXXU7S9;
				ENABLE_PREVIEWS = YES;
				GENERATE_INFOPLIST_FILE = YES;
				INFOPLIST_FILE = "$(TARGET_NAME)/Info.plist";
				LD_RUNPATH_SEARCH_PATHS = (
					"$(inherited)",
					"@executable_path/Frameworks",
				);
				MARKETING_VERSION = 1.0;
				PRODUCT_BUNDLE_IDENTIFIER = com.reality.HandVector;
				PRODUCT_NAME = "$(TARGET_NAME)";
				SUPPORTED_PLATFORMS = "xros xrsimulator";
				SWIFT_EMIT_LOC_STRINGS = YES;
				SWIFT_VERSION = 5.0;
				TARGETED_DEVICE_FAMILY = "1,2,7";
			};
			name = Release;
		};
/* End XCBuildConfiguration section */

/* Begin XCConfigurationList section */
		6C36A3E82AB7417F00B7B026 /* Build configuration list for PBXProject "HandVector" */ = {
			isa = XCConfigurationList;
			buildConfigurations = (
				6C36A4022AB7418000B7B026 /* Debug */,
				6C36A4032AB7418000B7B026 /* Release */,
			);
			defaultConfigurationIsVisible = 0;
			defaultConfigurationName = Release;
		};
		6C36A4042AB7418000B7B026 /* Build configuration list for PBXNativeTarget "HandVector" */ = {
			isa = XCConfigurationList;
			buildConfigurations = (
				6C36A4052AB7418000B7B026 /* Debug */,
				6C36A4062AB7418000B7B026 /* Release */,
			);
			defaultConfigurationIsVisible = 0;
			defaultConfigurationName = Release;
		};
/* End XCConfigurationList section */

/* Begin XCSwiftPackageProductDependency section */
		6C36A3F22AB7417F00B7B026 /* RealityKitContent */ = {
			isa = XCSwiftPackageProductDependency;
			productName = RealityKitContent;
		};
/* End XCSwiftPackageProductDependency section */
	};
	rootObject = 6C36A3E52AB7417F00B7B026 /* Project object */;
}
