// !$*UTF8*$!
{
	archiveVersion = 1;
	classes = {
	};
	objectVersion = 60;
	objects = {

/* Begin PBXBuildFile section */
		6C25F8DB2BB01C4B00D54551 /* HandVector in Frameworks */ = {isa = PBXBuildFile; productRef = 6C25F8DA2BB01C4B00D54551 /* HandVector */; };
		6C3336342C7B4373007B74B3 /* MatchAllBuiltin.swift in Sources */ = {isa = PBXBuildFile; fileRef = 6C3336332C7B4373007B74B3 /* MatchAllBuiltin.swift */; };
		6C3336362C7CB6B4007B74B3 /* FingerShape.swift in Sources */ = {isa = PBXBuildFile; fileRef = 6C3336352C7CB6B4007B74B3 /* FingerShape.swift */; };
		6C3336382C7CBA0F007B74B3 /* FingerShapeImmersiveView.swift in Sources */ = {isa = PBXBuildFile; fileRef = 6C3336372C7CBA0F007B74B3 /* FingerShapeImmersiveView.swift */; };
		6C36A3F52AB7417F00B7B026 /* HandVectorApp.swift in Sources */ = {isa = PBXBuildFile; fileRef = 6C36A3F42AB7417F00B7B026 /* HandVectorApp.swift */; };
		6C36A3FD2AB7418000B7B026 /* Assets.xcassets in Resources */ = {isa = PBXBuildFile; fileRef = 6C36A3FC2AB7418000B7B026 /* Assets.xcassets */; };
		6C36A4002AB7418000B7B026 /* Preview Assets.xcassets in Resources */ = {isa = PBXBuildFile; fileRef = 6C36A3FF2AB7418000B7B026 /* Preview Assets.xcassets */; };
		6C69C4CE2BEFB7BF000BE896 /* Codable+Extensions.swift in Sources */ = {isa = PBXBuildFile; fileRef = 6C69C4CB2BEFB7BF000BE896 /* Codable+Extensions.swift */; };
		6C69C4CF2BEFB7BF000BE896 /* Entity+Extensions.swift in Sources */ = {isa = PBXBuildFile; fileRef = 6C69C4CC2BEFB7BF000BE896 /* Entity+Extensions.swift */; };
		6CB144CA2BCB807400CEB043 /* HandVectorView.swift in Sources */ = {isa = PBXBuildFile; fileRef = 6CB144C92BCB807400CEB043 /* HandVectorView.swift */; };
		6CB144CC2BCB887400CEB043 /* HandViewModel.swift in Sources */ = {isa = PBXBuildFile; fileRef = 6CB144CB2BCB887400CEB043 /* HandViewModel.swift */; };
		6CB144D02BCBADC400CEB043 /* Module.swift in Sources */ = {isa = PBXBuildFile; fileRef = 6CB144CF2BCBADC400CEB043 /* Module.swift */; };
		6CB144D22BCBB30800CEB043 /* MatchBuildinImmersiveView.swift in Sources */ = {isa = PBXBuildFile; fileRef = 6CB144D12BCBB30800CEB043 /* MatchBuildinImmersiveView.swift */; };
		6CB144D62BCBB40200CEB043 /* RecordAndMatchImmersiveView.swift in Sources */ = {isa = PBXBuildFile; fileRef = 6CB144D52BCBB40200CEB043 /* RecordAndMatchImmersiveView.swift */; };
		6CB144DC2BCBBDEB00CEB043 /* RecordAndMatch.swift in Sources */ = {isa = PBXBuildFile; fileRef = 6CB144DB2BCBBDEB00CEB043 /* RecordAndMatch.swift */; };
		6CD8751F2BA6A5CA008BED5D /* Localizable.strings in Resources */ = {isa = PBXBuildFile; fileRef = 6CD8751D2BA6A5CA008BED5D /* Localizable.strings */; };
		6CD875272BA6A683008BED5D /* Localizable.strings in Resources */ = {isa = PBXBuildFile; fileRef = 6CD875262BA6A683008BED5D /* Localizable.strings */; };
/* End PBXBuildFile section */

/* Begin PBXFileReference section */
		6C3336332C7B4373007B74B3 /* MatchAllBuiltin.swift */ = {isa = PBXFileReference; lastKnownFileType = sourcecode.swift; path = MatchAllBuiltin.swift; sourceTree = "<group>"; };
		6C3336352C7CB6B4007B74B3 /* FingerShape.swift */ = {isa = PBXFileReference; lastKnownFileType = sourcecode.swift; path = FingerShape.swift; sourceTree = "<group>"; };
		6C3336372C7CBA0F007B74B3 /* FingerShapeImmersiveView.swift */ = {isa = PBXFileReference; lastKnownFileType = sourcecode.swift; path = FingerShapeImmersiveView.swift; sourceTree = "<group>"; };
		6C36A3ED2AB7417F00B7B026 /* HandVectorDemo.app */ = {isa = PBXFileReference; explicitFileType = wrapper.application; includeInIndex = 0; path = HandVectorDemo.app; sourceTree = BUILT_PRODUCTS_DIR; };
		6C36A3F42AB7417F00B7B026 /* HandVectorApp.swift */ = {isa = PBXFileReference; lastKnownFileType = sourcecode.swift; path = HandVectorApp.swift; sourceTree = "<group>"; };
		6C36A3FC2AB7418000B7B026 /* Assets.xcassets */ = {isa = PBXFileReference; lastKnownFileType = folder.assetcatalog; path = Assets.xcassets; sourceTree = "<group>"; };
		6C36A3FF2AB7418000B7B026 /* Preview Assets.xcassets */ = {isa = PBXFileReference; lastKnownFileType = folder.assetcatalog; path = "Preview Assets.xcassets"; sourceTree = "<group>"; };
		6C36A4012AB7418000B7B026 /* Info.plist */ = {isa = PBXFileReference; lastKnownFileType = text.plist.xml; path = Info.plist; sourceTree = "<group>"; };
		6C69C4CB2BEFB7BF000BE896 /* Codable+Extensions.swift */ = {isa = PBXFileReference; fileEncoding = 4; lastKnownFileType = sourcecode.swift; path = "Codable+Extensions.swift"; sourceTree = "<group>"; };
		6C69C4CC2BEFB7BF000BE896 /* Entity+Extensions.swift */ = {isa = PBXFileReference; fileEncoding = 4; lastKnownFileType = sourcecode.swift; path = "Entity+Extensions.swift"; sourceTree = "<group>"; };
		6CB144C92BCB807400CEB043 /* HandVectorView.swift */ = {isa = PBXFileReference; lastKnownFileType = sourcecode.swift; path = HandVectorView.swift; sourceTree = "<group>"; };
		6CB144CB2BCB887400CEB043 /* HandViewModel.swift */ = {isa = PBXFileReference; fileEncoding = 4; lastKnownFileType = sourcecode.swift; path = HandViewModel.swift; sourceTree = "<group>"; };
		6CB144CF2BCBADC400CEB043 /* Module.swift */ = {isa = PBXFileReference; fileEncoding = 4; lastKnownFileType = sourcecode.swift; path = Module.swift; sourceTree = "<group>"; };
		6CB144D12BCBB30800CEB043 /* MatchBuildinImmersiveView.swift */ = {isa = PBXFileReference; fileEncoding = 4; lastKnownFileType = sourcecode.swift; path = MatchBuildinImmersiveView.swift; sourceTree = "<group>"; };
		6CB144D52BCBB40200CEB043 /* RecordAndMatchImmersiveView.swift */ = {isa = PBXFileReference; lastKnownFileType = sourcecode.swift; path = RecordAndMatchImmersiveView.swift; sourceTree = "<group>"; };
		6CB144DB2BCBBDEB00CEB043 /* RecordAndMatch.swift */ = {isa = PBXFileReference; lastKnownFileType = sourcecode.swift; path = RecordAndMatch.swift; sourceTree = "<group>"; };
		6CD8751E2BA6A5CA008BED5D /* en */ = {isa = PBXFileReference; lastKnownFileType = text.plist.strings; name = en; path = en.lproj/Localizable.strings; sourceTree = "<group>"; };
		6CD875252BA6A683008BED5D /* zh-Hans */ = {isa = PBXFileReference; lastKnownFileType = text.plist.strings; name = "zh-Hans"; path = "zh-Hans.lproj/Localizable.strings"; sourceTree = "<group>"; };
/* End PBXFileReference section */

/* Begin PBXFrameworksBuildPhase section */
		6C36A3EA2AB7417F00B7B026 /* Frameworks */ = {
			isa = PBXFrameworksBuildPhase;
			buildActionMask = 2147483647;
			files = (
				6C25F8DB2BB01C4B00D54551 /* HandVector in Frameworks */,
			);
			runOnlyForDeploymentPostprocessing = 0;
		};
/* End PBXFrameworksBuildPhase section */

/* Begin PBXGroup section */
		6C36A3E42AB7417F00B7B026 = {
			isa = PBXGroup;
			children = (
				6C36A3EF2AB7417F00B7B026 /* HandVectorDemo */,
				6C36A3EE2AB7417F00B7B026 /* Products */,
				6C7138252B84F635004E7F8B /* Frameworks */,
			);
			sourceTree = "<group>";
		};
		6C36A3EE2AB7417F00B7B026 /* Products */ = {
			isa = PBXGroup;
			children = (
				6C36A3ED2AB7417F00B7B026 /* HandVectorDemo.app */,
			);
			name = Products;
			sourceTree = "<group>";
		};
		6C36A3EF2AB7417F00B7B026 /* HandVectorDemo */ = {
			isa = PBXGroup;
			children = (
				6CD8751C2BA6A58C008BED5D /* zh-Hans.lproj */,
				6CD8751B2BA6A577008BED5D /* en.lproj */,
				6C36A3F42AB7417F00B7B026 /* HandVectorApp.swift */,
				6CB144CF2BCBADC400CEB043 /* Module.swift */,
				6CB144C92BCB807400CEB043 /* HandVectorView.swift */,
				6CB144CB2BCB887400CEB043 /* HandViewModel.swift */,
				6C69C4CD2BEFB7BF000BE896 /* Extensions */,
				952000CF2B848E12006B1EAE /* RealityViews */,
				952000BC2B848DE1006B1EAE /* Views */,
				6C36A3FC2AB7418000B7B026 /* Assets.xcassets */,
				6C36A4012AB7418000B7B026 /* Info.plist */,
				6C36A3FE2AB7418000B7B026 /* Preview Content */,
			);
			path = HandVectorDemo;
			sourceTree = "<group>";
		};
		6C36A3FE2AB7418000B7B026 /* Preview Content */ = {
			isa = PBXGroup;
			children = (
				6C36A3FF2AB7418000B7B026 /* Preview Assets.xcassets */,
			);
			path = "Preview Content";
			sourceTree = "<group>";
		};
		6C69C4CD2BEFB7BF000BE896 /* Extensions */ = {
			isa = PBXGroup;
			children = (
				6C69C4CB2BEFB7BF000BE896 /* Codable+Extensions.swift */,
				6C69C4CC2BEFB7BF000BE896 /* Entity+Extensions.swift */,
			);
			path = Extensions;
			sourceTree = "<group>";
		};
		6C7138252B84F635004E7F8B /* Frameworks */ = {
			isa = PBXGroup;
			children = (
			);
			name = Frameworks;
			sourceTree = "<group>";
		};
		6CD8751B2BA6A577008BED5D /* en.lproj */ = {
			isa = PBXGroup;
			children = (
				6CD8751D2BA6A5CA008BED5D /* Localizable.strings */,
			);
			path = en.lproj;
			sourceTree = "<group>";
		};
		6CD8751C2BA6A58C008BED5D /* zh-Hans.lproj */ = {
			isa = PBXGroup;
			children = (
				6CD875262BA6A683008BED5D /* Localizable.strings */,
			);
			path = "zh-Hans.lproj";
			sourceTree = "<group>";
		};
		952000BC2B848DE1006B1EAE /* Views */ = {
			isa = PBXGroup;
			children = (
				6C3336332C7B4373007B74B3 /* MatchAllBuiltin.swift */,
				6CB144DB2BCBBDEB00CEB043 /* RecordAndMatch.swift */,
				6C3336352C7CB6B4007B74B3 /* FingerShape.swift */,
			);
			path = Views;
			sourceTree = "<group>";
		};
		952000CF2B848E12006B1EAE /* RealityViews */ = {
			isa = PBXGroup;
			children = (
				6CB144D12BCBB30800CEB043 /* MatchBuildinImmersiveView.swift */,
				6CB144D52BCBB40200CEB043 /* RecordAndMatchImmersiveView.swift */,
				6C3336372C7CBA0F007B74B3 /* FingerShapeImmersiveView.swift */,
			);
			path = RealityViews;
			sourceTree = "<group>";
		};
/* End PBXGroup section */

/* Begin PBXNativeTarget section */
		6C36A3EC2AB7417F00B7B026 /* HandVectorDemo */ = {
			isa = PBXNativeTarget;
			buildConfigurationList = 6C36A4042AB7418000B7B026 /* Build configuration list for PBXNativeTarget "HandVectorDemo" */;
			buildPhases = (
				6C36A3E92AB7417F00B7B026 /* Sources */,
				6C36A3EA2AB7417F00B7B026 /* Frameworks */,
				6C36A3EB2AB7417F00B7B026 /* Resources */,
			);
			buildRules = (
			);
			dependencies = (
			);
			name = HandVectorDemo;
			packageProductDependencies = (
				6C25F8DA2BB01C4B00D54551 /* HandVector */,
			);
			productName = HandVector;
			productReference = 6C36A3ED2AB7417F00B7B026 /* HandVectorDemo.app */;
			productType = "com.apple.product-type.application";
		};
/* End PBXNativeTarget section */

/* Begin PBXProject section */
		6C36A3E52AB7417F00B7B026 /* Project object */ = {
			isa = PBXProject;
			attributes = {
				BuildIndependentTargetsInParallel = 1;
				LastSwiftUpdateCheck = 1500;
				LastUpgradeCheck = 1530;
				TargetAttributes = {
					6C36A3EC2AB7417F00B7B026 = {
						CreatedOnToolsVersion = 15.0;
					};
				};
			};
			buildConfigurationList = 6C36A3E82AB7417F00B7B026 /* Build configuration list for PBXProject "HandVectorDemo" */;
			compatibilityVersion = "Xcode 14.0";
			developmentRegion = en;
			hasScannedForEncodings = 0;
			knownRegions = (
				en,
				Base,
				"zh-Hans",
			);
			mainGroup = 6C36A3E42AB7417F00B7B026;
			packageReferences = (
				6CD0FD582C60BC800011E104 /* XCLocalSwiftPackageReference "../../../HandVector" */,
			);
			productRefGroup = 6C36A3EE2AB7417F00B7B026 /* Products */;
			projectDirPath = "";
			projectRoot = "";
			targets = (
				6C36A3EC2AB7417F00B7B026 /* HandVectorDemo */,
			);
		};
/* End PBXProject section */

/* Begin PBXResourcesBuildPhase section */
		6C36A3EB2AB7417F00B7B026 /* Resources */ = {
			isa = PBXResourcesBuildPhase;
			buildActionMask = 2147483647;
			files = (
				6C36A3FD2AB7418000B7B026 /* Assets.xcassets in Resources */,
				6CD8751F2BA6A5CA008BED5D /* Localizable.strings in Resources */,
				6CD875272BA6A683008BED5D /* Localizable.strings in Resources */,
				6C36A4002AB7418000B7B026 /* Preview Assets.xcassets in Resources */,
			);
			runOnlyForDeploymentPostprocessing = 0;
		};
/* End PBXResourcesBuildPhase section */

/* Begin PBXSourcesBuildPhase section */
		6C36A3E92AB7417F00B7B026 /* Sources */ = {
			isa = PBXSourcesBuildPhase;
			buildActionMask = 2147483647;
			files = (
				6CB144DC2BCBBDEB00CEB043 /* RecordAndMatch.swift in Sources */,
				6C3336362C7CB6B4007B74B3 /* FingerShape.swift in Sources */,
				6CB144D62BCBB40200CEB043 /* RecordAndMatchImmersiveView.swift in Sources */,
				6C69C4CF2BEFB7BF000BE896 /* Entity+Extensions.swift in Sources */,
				6C3336342C7B4373007B74B3 /* MatchAllBuiltin.swift in Sources */,
				6C36A3F52AB7417F00B7B026 /* HandVectorApp.swift in Sources */,
				6CB144D22BCBB30800CEB043 /* MatchBuildinImmersiveView.swift in Sources */,
				6CB144D02BCBADC400CEB043 /* Module.swift in Sources */,
				6CB144CA2BCB807400CEB043 /* HandVectorView.swift in Sources */,
				6C3336382C7CBA0F007B74B3 /* FingerShapeImmersiveView.swift in Sources */,
				6CB144CC2BCB887400CEB043 /* HandViewModel.swift in Sources */,
				6C69C4CE2BEFB7BF000BE896 /* Codable+Extensions.swift in Sources */,
			);
			runOnlyForDeploymentPostprocessing = 0;
		};
/* End PBXSourcesBuildPhase section */

/* Begin PBXVariantGroup section */
		6CD8751D2BA6A5CA008BED5D /* Localizable.strings */ = {
			isa = PBXVariantGroup;
			children = (
				6CD8751E2BA6A5CA008BED5D /* en */,
			);
			name = Localizable.strings;
			sourceTree = "<group>";
		};
		6CD875262BA6A683008BED5D /* Localizable.strings */ = {
			isa = PBXVariantGroup;
			children = (
				6CD875252BA6A683008BED5D /* zh-Hans */,
			);
			name = Localizable.strings;
			sourceTree = "<group>";
		};
/* End PBXVariantGroup section */

/* Begin XCBuildConfiguration section */
		6C36A4022AB7418000B7B026 /* Debug */ = {
			isa = XCBuildConfiguration;
			buildSettings = {
				ALWAYS_SEARCH_USER_PATHS = NO;
				ASSETCATALOG_COMPILER_GENERATE_SWIFT_ASSET_SYMBOL_EXTENSIONS = YES;
				CLANG_ANALYZER_LOCALIZABILITY_NONLOCALIZED = YES;
				CLANG_ANALYZER_NONNULL = YES;
				CLANG_ANALYZER_NUMBER_OBJECT_CONVERSION = YES_AGGRESSIVE;
				CLANG_CXX_LANGUAGE_STANDARD = "gnu++20";
				CLANG_ENABLE_MODULES = YES;
				CLANG_ENABLE_OBJC_ARC = YES;
				CLANG_ENABLE_OBJC_WEAK = YES;
				CLANG_WARN_BLOCK_CAPTURE_AUTORELEASING = YES;
				CLANG_WARN_BOOL_CONVERSION = YES;
				CLANG_WARN_COMMA = YES;
				CLANG_WARN_CONSTANT_CONVERSION = YES;
				CLANG_WARN_DEPRECATED_OBJC_IMPLEMENTATIONS = YES;
				CLANG_WARN_DIRECT_OBJC_ISA_USAGE = YES_ERROR;
				CLANG_WARN_DOCUMENTATION_COMMENTS = YES;
				CLANG_WARN_EMPTY_BODY = YES;
				CLANG_WARN_ENUM_CONVERSION = YES;
				CLANG_WARN_INFINITE_RECURSION = YES;
				CLANG_WARN_INT_CONVERSION = YES;
				CLANG_WARN_NON_LITERAL_NULL_CONVERSION = YES;
				CLANG_WARN_OBJC_IMPLICIT_RETAIN_SELF = YES;
				CLANG_WARN_OBJC_LITERAL_CONVERSION = YES;
				CLANG_WARN_OBJC_ROOT_CLASS = YES_ERROR;
				CLANG_WARN_QUOTED_INCLUDE_IN_FRAMEWORK_HEADER = YES;
				CLANG_WARN_RANGE_LOOP_ANALYSIS = YES;
				CLANG_WARN_STRICT_PROTOTYPES = YES;
				CLANG_WARN_SUSPICIOUS_MOVE = YES;
				CLANG_WARN_UNGUARDED_AVAILABILITY = YES_AGGRESSIVE;
				CLANG_WARN_UNREACHABLE_CODE = YES;
				CLANG_WARN__DUPLICATE_METHOD_MATCH = YES;
				COPY_PHASE_STRIP = NO;
				DEBUG_INFORMATION_FORMAT = dwarf;
				ENABLE_STRICT_OBJC_MSGSEND = YES;
				ENABLE_TESTABILITY = YES;
				ENABLE_USER_SCRIPT_SANDBOXING = YES;
				GCC_C_LANGUAGE_STANDARD = gnu17;
				GCC_DYNAMIC_NO_PIC = NO;
				GCC_NO_COMMON_BLOCKS = YES;
				GCC_OPTIMIZATION_LEVEL = 0;
				GCC_PREPROCESSOR_DEFINITIONS = (
					"DEBUG=1",
					"$(inherited)",
				);
				GCC_WARN_64_TO_32_BIT_CONVERSION = YES;
				GCC_WARN_ABOUT_RETURN_TYPE = YES_ERROR;
				GCC_WARN_UNDECLARED_SELECTOR = YES;
				GCC_WARN_UNINITIALIZED_AUTOS = YES_AGGRESSIVE;
				GCC_WARN_UNUSED_FUNCTION = YES;
				GCC_WARN_UNUSED_VARIABLE = YES;
				LOCALIZATION_PREFERS_STRING_CATALOGS = YES;
				MTL_ENABLE_DEBUG_INFO = INCLUDE_SOURCE;
				MTL_FAST_MATH = YES;
				ONLY_ACTIVE_ARCH = YES;
				SDKROOT = xros;
				SWIFT_ACTIVE_COMPILATION_CONDITIONS = "DEBUG $(inherited)";
				SWIFT_OPTIMIZATION_LEVEL = "-Onone";
				XROS_DEPLOYMENT_TARGET = 1.0;
			};
			name = Debug;
		};
		6C36A4032AB7418000B7B026 /* Release */ = {
			isa = XCBuildConfiguration;
			buildSettings = {
				ALWAYS_SEARCH_USER_PATHS = NO;
				ASSETCATALOG_COMPILER_GENERATE_SWIFT_ASSET_SYMBOL_EXTENSIONS = YES;
				CLANG_ANALYZER_LOCALIZABILITY_NONLOCALIZED = YES;
				CLANG_ANALYZER_NONNULL = YES;
				CLANG_ANALYZER_NUMBER_OBJECT_CONVERSION = YES_AGGRESSIVE;
				CLANG_CXX_LANGUAGE_STANDARD = "gnu++20";
				CLANG_ENABLE_MODULES = YES;
				CLANG_ENABLE_OBJC_ARC = YES;
				CLANG_ENABLE_OBJC_WEAK = YES;
				CLANG_WARN_BLOCK_CAPTURE_AUTORELEASING = YES;
				CLANG_WARN_BOOL_CONVERSION = YES;
				CLANG_WARN_COMMA = YES;
				CLANG_WARN_CONSTANT_CONVERSION = YES;
				CLANG_WARN_DEPRECATED_OBJC_IMPLEMENTATIONS = YES;
				CLANG_WARN_DIRECT_OBJC_ISA_USAGE = YES_ERROR;
				CLANG_WARN_DOCUMENTATION_COMMENTS = YES;
				CLANG_WARN_EMPTY_BODY = YES;
				CLANG_WARN_ENUM_CONVERSION = YES;
				CLANG_WARN_INFINITE_RECURSION = YES;
				CLANG_WARN_INT_CONVERSION = YES;
				CLANG_WARN_NON_LITERAL_NULL_CONVERSION = YES;
				CLANG_WARN_OBJC_IMPLICIT_RETAIN_SELF = YES;
				CLANG_WARN_OBJC_LITERAL_CONVERSION = YES;
				CLANG_WARN_OBJC_ROOT_CLASS = YES_ERROR;
				CLANG_WARN_QUOTED_INCLUDE_IN_FRAMEWORK_HEADER = YES;
				CLANG_WARN_RANGE_LOOP_ANALYSIS = YES;
				CLANG_WARN_STRICT_PROTOTYPES = YES;
				CLANG_WARN_SUSPICIOUS_MOVE = YES;
				CLANG_WARN_UNGUARDED_AVAILABILITY = YES_AGGRESSIVE;
				CLANG_WARN_UNREACHABLE_CODE = YES;
				CLANG_WARN__DUPLICATE_METHOD_MATCH = YES;
				COPY_PHASE_STRIP = NO;
				DEBUG_INFORMATION_FORMAT = "dwarf-with-dsym";
				ENABLE_NS_ASSERTIONS = NO;
				ENABLE_STRICT_OBJC_MSGSEND = YES;
				ENABLE_USER_SCRIPT_SANDBOXING = YES;
				GCC_C_LANGUAGE_STANDARD = gnu17;
				GCC_NO_COMMON_BLOCKS = YES;
				GCC_WARN_64_TO_32_BIT_CONVERSION = YES;
				GCC_WARN_ABOUT_RETURN_TYPE = YES_ERROR;
				GCC_WARN_UNDECLARED_SELECTOR = YES;
				GCC_WARN_UNINITIALIZED_AUTOS = YES_AGGRESSIVE;
				GCC_WARN_UNUSED_FUNCTION = YES;
				GCC_WARN_UNUSED_VARIABLE = YES;
				LOCALIZATION_PREFERS_STRING_CATALOGS = YES;
				MTL_ENABLE_DEBUG_INFO = NO;
				MTL_FAST_MATH = YES;
				SDKROOT = xros;
				SWIFT_COMPILATION_MODE = wholemodule;
				VALIDATE_PRODUCT = YES;
				XROS_DEPLOYMENT_TARGET = 1.0;
			};
			name = Release;
		};
		6C36A4052AB7418000B7B026 /* Debug */ = {
			isa = XCBuildConfiguration;
			buildSettings = {
				ASSETCATALOG_COMPILER_APPICON_NAME = AppIcon;
				ASSETCATALOG_COMPILER_GLOBAL_ACCENT_COLOR_NAME = AccentColor;
				CODE_SIGN_STYLE = Automatic;
				CURRENT_PROJECT_VERSION = 1;
				DEVELOPMENT_ASSET_PATHS = "\"HandVectorDemo/Preview Content\"";
				DEVELOPMENT_TEAM = 67UBXXU7S9;
				ENABLE_PREVIEWS = YES;
				GENERATE_INFOPLIST_FILE = YES;
				INFOPLIST_FILE = "$(TARGET_NAME)/Info.plist";
				LD_RUNPATH_SEARCH_PATHS = (
					"$(inherited)",
					"@executable_path/Frameworks",
				);
				MARKETING_VERSION = 1.0;
				PRODUCT_BUNDLE_IDENTIFIER = com.reality.HandVectorDemo;
				PRODUCT_NAME = "$(TARGET_NAME)";
				SUPPORTED_PLATFORMS = "xros xrsimulator";
				SWIFT_EMIT_LOC_STRINGS = YES;
				SWIFT_VERSION = 5.0;
				TARGETED_DEVICE_FAMILY = "1,2,7";
			};
			name = Debug;
		};
		6C36A4062AB7418000B7B026 /* Release */ = {
			isa = XCBuildConfiguration;
			buildSettings = {
				ASSETCATALOG_COMPILER_APPICON_NAME = AppIcon;
				ASSETCATALOG_COMPILER_GLOBAL_ACCENT_COLOR_NAME = AccentColor;
				CODE_SIGN_STYLE = Automatic;
				CURRENT_PROJECT_VERSION = 1;
				DEVELOPMENT_ASSET_PATHS = "\"HandVectorDemo/Preview Content\"";
				DEVELOPMENT_TEAM = 67UBXXU7S9;
				ENABLE_PREVIEWS = YES;
				GENERATE_INFOPLIST_FILE = YES;
				INFOPLIST_FILE = "$(TARGET_NAME)/Info.plist";
				LD_RUNPATH_SEARCH_PATHS = (
					"$(inherited)",
					"@executable_path/Frameworks",
				);
				MARKETING_VERSION = 1.0;
				PRODUCT_BUNDLE_IDENTIFIER = com.reality.HandVectorDemo;
				PRODUCT_NAME = "$(TARGET_NAME)";
				SUPPORTED_PLATFORMS = "xros xrsimulator";
				SWIFT_EMIT_LOC_STRINGS = YES;
				SWIFT_VERSION = 5.0;
				TARGETED_DEVICE_FAMILY = "1,2,7";
			};
			name = Release;
		};
/* End XCBuildConfiguration section */

/* Begin XCConfigurationList section */
		6C36A3E82AB7417F00B7B026 /* Build configuration list for PBXProject "HandVectorDemo" */ = {
			isa = XCConfigurationList;
			buildConfigurations = (
				6C36A4022AB7418000B7B026 /* Debug */,
				6C36A4032AB7418000B7B026 /* Release */,
			);
			defaultConfigurationIsVisible = 0;
			defaultConfigurationName = Release;
		};
		6C36A4042AB7418000B7B026 /* Build configuration list for PBXNativeTarget "HandVectorDemo" */ = {
			isa = XCConfigurationList;
			buildConfigurations = (
				6C36A4052AB7418000B7B026 /* Debug */,
				6C36A4062AB7418000B7B026 /* Release */,
			);
			defaultConfigurationIsVisible = 0;
			defaultConfigurationName = Release;
		};
/* End XCConfigurationList section */

/* Begin XCLocalSwiftPackageReference section */
		6CD0FD582C60BC800011E104 /* XCLocalSwiftPackageReference "../../../HandVector" */ = {
			isa = XCLocalSwiftPackageReference;
			relativePath = ../../../HandVector;
		};
/* End XCLocalSwiftPackageReference section */

/* Begin XCSwiftPackageProductDependency section */
		6C25F8DA2BB01C4B00D54551 /* HandVector */ = {
			isa = XCSwiftPackageProductDependency;
			productName = HandVector;
		};
/* End XCSwiftPackageProductDependency section */
	};
	rootObject = 6C36A3E52AB7417F00B7B026 /* Project object */;
}
